Microsoft Visual Studio Solution File, Format Version 10.00
# Visual C++ Express 2008
Project("{8BC9CEB8-8B4A-11D0-8D11-00A0C91BC942}") = "05_Demo_Mic", "example_projects\05_Demo_Mic\05_Demo_Mic.vcproj", "{68C91ED7-3425-4A59-BDC5-BC5440992D21}"
	ProjectSection(ProjectDependencies) = postProject
		{FE179849-DD52-473E-BE15-5A5E52BFFF1F} = {FE179849-DD52-473E-BE15-5A5E52BFFF1F}
	EndProjectSection
EndProject
Project("{8BC9CEB8-8B4A-11D0-8D11-00A0C91BC942}") = "08_Demo_BackgroundSubtration", "example_projects\08_Demo_BackgroundSubtration\08_Demo_BackgroundSubtration.vcproj", "{0E89CA54-CD0E-493B-A594-0C08C2EF990C}"
	ProjectSection(ProjectDependencies) = postProject
		{FE179849-DD52-473E-BE15-5A5E52BFFF1F} = {FE179849-DD52-473E-BE15-5A5E52BFFF1F}
	EndProjectSection
EndProject
Project("{8BC9CEB8-8B4A-11D0-8D11-00A0C91BC942}") = "09_Demo_BlobDetection", "example_projects\09_Demo_BlobDetection\09_DemoBlob_Detection.vcproj", "{6E9D505C-607A-40F1-A14B-001519DAEE4C}"
	ProjectSection(ProjectDependencies) = postProject
		{FE179849-DD52-473E-BE15-5A5E52BFFF1F} = {FE179849-DD52-473E-BE15-5A5E52BFFF1F}
	EndProjectSection
EndProject
Project("{8BC9CEB8-8B4A-11D0-8D11-00A0C91BC942}") = "10_Midi_In", "example_projects\10_Midi_In\10_Midi_In.vcproj", "{230ECBFC-C62F-4DEE-BD41-F2D7AD9882D3}"
	ProjectSection(ProjectDependencies) = postProject
		{FE179849-DD52-473E-BE15-5A5E52BFFF1F} = {FE179849-DD52-473E-BE15-5A5E52BFFF1F}
	EndProjectSection
EndProject
Project("{8BC9CEB8-8B4A-11D0-8D11-00A0C91BC942}") = "Strings", "example_projects\Strings\Strings.vcproj", "{63E3346F-633C-4C17-BC19-E42DCFD00595}"
	ProjectSection(ProjectDependencies) = postProject
		{FE179849-DD52-473E-BE15-5A5E52BFFF1F} = {FE179849-DD52-473E-BE15-5A5E52BFFF1F}
	EndProjectSection
EndProject
Project("{8BC9CEB8-8B4A-11D0-8D11-00A0C91BC942}") = "VideoPlayback", "example_projects\VideoPlayback\VideoPlayback.vcproj", "{73FD1BCC-DCD3-4770-B4D2-1CB84F01AD16}"
	ProjectSection(ProjectDependencies) = postProject
		{FE179849-DD52-473E-BE15-5A5E52BFFF1F} = {FE179849-DD52-473E-BE15-5A5E52BFFF1F}
	EndProjectSection
EndProject
Project("{8BC9CEB8-8B4A-11D0-8D11-00A0C91BC942}") = "XmlLoad", "example_projects\XmlLoad\XmlLoad.vcproj", "{85726011-51A8-4B67-ABC6-BE2924C174E3}"
	ProjectSection(ProjectDependencies) = postProject
		{FE179849-DD52-473E-BE15-5A5E52BFFF1F} = {FE179849-DD52-473E-BE15-5A5E52BFFF1F}
	EndProjectSection
EndProject
Project("{8BC9CEB8-8B4A-11D0-8D11-00A0C91BC942}") = "3DObjectImport", "example_projects\3DObjectImport\3DObjectImport.vcproj", "{3D44AF44-2883-4B3A-B8DB-1607BB953F15}"
	ProjectSection(ProjectDependencies) = postProject
		{FE179849-DD52-473E-BE15-5A5E52BFFF1F} = {FE179849-DD52-473E-BE15-5A5E52BFFF1F}
	EndProjectSection
EndProject
Project("{8BC9CEB8-8B4A-11D0-8D11-00A0C91BC942}") = "_Cing", "cing\build\win\visualStudio_2008\Cing\Cing.vcproj", "{FE179849-DD52-473E-BE15-5A5E52BFFF1F}"
EndProject
Project("{8BC9CEB8-8B4A-11D0-8D11-00A0C91BC942}") = "03_Drawing_in_3D", "example_projects\03_Drawing_in_3D\03_Drawing_in_3D.vcproj", "{5798ABE5-00AC-4BBE-AFA9-490FA9F67A08}"
	ProjectSection(ProjectDependencies) = postProject
		{FE179849-DD52-473E-BE15-5A5E52BFFF1F} = {FE179849-DD52-473E-BE15-5A5E52BFFF1F}
	EndProjectSection
EndProject
Project("{8BC9CEB8-8B4A-11D0-8D11-00A0C91BC942}") = "04_Physics", "example_projects\04_Physics\04_Physics.vcproj", "{179D4F12-4894-4FE1-B749-304603B97DB3}"
	ProjectSection(ProjectDependencies) = postProject
		{FE179849-DD52-473E-BE15-5A5E52BFFF1F} = {FE179849-DD52-473E-BE15-5A5E52BFFF1F}
	EndProjectSection
EndProject
Project("{8BC9CEB8-8B4A-11D0-8D11-00A0C91BC942}") = "Simple_BasicApplication", "example_projects\Simple_BasicApplication\Simple_BasicApplication.vcproj", "{3FA9B1E0-D56E-4C46-A063-FAE8250995D7}"
	ProjectSection(ProjectDependencies) = postProject
		{FE179849-DD52-473E-BE15-5A5E52BFFF1F} = {FE179849-DD52-473E-BE15-5A5E52BFFF1F}
	EndProjectSection
EndProject
Project("{8BC9CEB8-8B4A-11D0-8D11-00A0C91BC942}") = "Simple_DrawingAndTransformations", "example_projects\Simple_DrawingAndTransformations\Simple_DrawingAndTransformations.vcproj", "{FEBECA4A-F312-44B2-8F06-A9BDF18F3D78}"
	ProjectSection(ProjectDependencies) = postProject
		{FE179849-DD52-473E-BE15-5A5E52BFFF1F} = {FE179849-DD52-473E-BE15-5A5E52BFFF1F}
	EndProjectSection
EndProject
Project("{8BC9CEB8-8B4A-11D0-8D11-00A0C91BC942}") = "Simple_LoadingAndDrawingInImages", "example_projects\Simple_LoadingAndDrawingInImages\Simple_LoadingAndDrawingInImages.vcproj", "{29079109-39EF-41B5-861D-692F2EF554C6}"
EndProject
Project("{8BC9CEB8-8B4A-11D0-8D11-00A0C91BC942}") = "Simple_Fonts", "example_projects\Simple_Fonts\Simple_Fonts.vcproj", "{13AD480A-0D51-4B65-995C-24D44AB61FB4}"
	ProjectSection(ProjectDependencies) = postProject
		{FE179849-DD52-473E-BE15-5A5E52BFFF1F} = {FE179849-DD52-473E-BE15-5A5E52BFFF1F}
	EndProjectSection
EndProject
Project("{8BC9CEB8-8B4A-11D0-8D11-00A0C91BC942}") = "Simple_PlayingSounds", "example_projects\Simple_PlayingSounds\Simple_PlayingSounds.vcproj", "{15ADA377-0E5C-48CA-8D16-99ECF9853C2D}"
EndProject
Global
	GlobalSection(SolutionConfigurationPlatforms) = preSolution
		Debug|Win32 = Debug|Win32
		Release|Win32 = Release|Win32
	EndGlobalSection
	GlobalSection(ProjectConfigurationPlatforms) = postSolution
		{68C91ED7-3425-4A59-BDC5-BC5440992D21}.Debug|Win32.ActiveCfg = Debug|Win32
		{68C91ED7-3425-4A59-BDC5-BC5440992D21}.Debug|Win32.Build.0 = Debug|Win32
		{68C91ED7-3425-4A59-BDC5-BC5440992D21}.Release|Win32.ActiveCfg = Release|Win32
		{68C91ED7-3425-4A59-BDC5-BC5440992D21}.Release|Win32.Build.0 = Release|Win32
		{0E89CA54-CD0E-493B-A594-0C08C2EF990C}.Debug|Win32.ActiveCfg = Debug|Win32
		{0E89CA54-CD0E-493B-A594-0C08C2EF990C}.Debug|Win32.Build.0 = Debug|Win32
		{0E89CA54-CD0E-493B-A594-0C08C2EF990C}.Release|Win32.ActiveCfg = Release|Win32
		{0E89CA54-CD0E-493B-A594-0C08C2EF990C}.Release|Win32.Build.0 = Release|Win32
		{6E9D505C-607A-40F1-A14B-001519DAEE4C}.Debug|Win32.ActiveCfg = Debug|Win32
		{6E9D505C-607A-40F1-A14B-001519DAEE4C}.Debug|Win32.Build.0 = Debug|Win32
		{6E9D505C-607A-40F1-A14B-001519DAEE4C}.Release|Win32.ActiveCfg = Release|Win32
		{6E9D505C-607A-40F1-A14B-001519DAEE4C}.Release|Win32.Build.0 = Release|Win32
		{230ECBFC-C62F-4DEE-BD41-F2D7AD9882D3}.Debug|Win32.ActiveCfg = Debug|Win32
		{230ECBFC-C62F-4DEE-BD41-F2D7AD9882D3}.Debug|Win32.Build.0 = Debug|Win32
		{230ECBFC-C62F-4DEE-BD41-F2D7AD9882D3}.Release|Win32.ActiveCfg = Release|Win32
		{230ECBFC-C62F-4DEE-BD41-F2D7AD9882D3}.Release|Win32.Build.0 = Release|Win32
		{63E3346F-633C-4C17-BC19-E42DCFD00595}.Debug|Win32.ActiveCfg = Debug|Win32
		{63E3346F-633C-4C17-BC19-E42DCFD00595}.Debug|Win32.Build.0 = Debug|Win32
		{63E3346F-633C-4C17-BC19-E42DCFD00595}.Release|Win32.ActiveCfg = Release|Win32
		{63E3346F-633C-4C17-BC19-E42DCFD00595}.Release|Win32.Build.0 = Release|Win32
		{73FD1BCC-DCD3-4770-B4D2-1CB84F01AD16}.Debug|Win32.ActiveCfg = Debug|Win32
		{73FD1BCC-DCD3-4770-B4D2-1CB84F01AD16}.Debug|Win32.Build.0 = Debug|Win32
		{73FD1BCC-DCD3-4770-B4D2-1CB84F01AD16}.Release|Win32.ActiveCfg = Release|Win32
		{73FD1BCC-DCD3-4770-B4D2-1CB84F01AD16}.Release|Win32.Build.0 = Release|Win32
		{85726011-51A8-4B67-ABC6-BE2924C174E3}.Debug|Win32.ActiveCfg = Debug|Win32
		{85726011-51A8-4B67-ABC6-BE2924C174E3}.Debug|Win32.Build.0 = Debug|Win32
		{85726011-51A8-4B67-ABC6-BE2924C174E3}.Release|Win32.ActiveCfg = Release|Win32
		{85726011-51A8-4B67-ABC6-BE2924C174E3}.Release|Win32.Build.0 = Release|Win32
		{3D44AF44-2883-4B3A-B8DB-1607BB953F15}.Debug|Win32.ActiveCfg = Debug|Win32
		{3D44AF44-2883-4B3A-B8DB-1607BB953F15}.Debug|Win32.Build.0 = Debug|Win32
		{3D44AF44-2883-4B3A-B8DB-1607BB953F15}.Release|Win32.ActiveCfg = Release|Win32
		{3D44AF44-2883-4B3A-B8DB-1607BB953F15}.Release|Win32.Build.0 = Release|Win32
		{FE179849-DD52-473E-BE15-5A5E52BFFF1F}.Debug|Win32.ActiveCfg = Debug|Win32
		{FE179849-DD52-473E-BE15-5A5E52BFFF1F}.Debug|Win32.Build.0 = Debug|Win32
		{FE179849-DD52-473E-BE15-5A5E52BFFF1F}.Release|Win32.ActiveCfg = Release|Win32
		{FE179849-DD52-473E-BE15-5A5E52BFFF1F}.Release|Win32.Build.0 = Release|Win32
		{5798ABE5-00AC-4BBE-AFA9-490FA9F67A08}.Debug|Win32.ActiveCfg = Debug|Win32
		{5798ABE5-00AC-4BBE-AFA9-490FA9F67A08}.Debug|Win32.Build.0 = Debug|Win32
		{5798ABE5-00AC-4BBE-AFA9-490FA9F67A08}.Release|Win32.ActiveCfg = Release|Win32
		{5798ABE5-00AC-4BBE-AFA9-490FA9F67A08}.Release|Win32.Build.0 = Release|Win32
		{179D4F12-4894-4FE1-B749-304603B97DB3}.Debug|Win32.ActiveCfg = Debug|Win32
		{179D4F12-4894-4FE1-B749-304603B97DB3}.Debug|Win32.Build.0 = Debug|Win32
		{179D4F12-4894-4FE1-B749-304603B97DB3}.Release|Win32.ActiveCfg = Release|Win32
		{179D4F12-4894-4FE1-B749-304603B97DB3}.Release|Win32.Build.0 = Release|Win32
		{3FA9B1E0-D56E-4C46-A063-FAE8250995D7}.Debug|Win32.ActiveCfg = Debug|Win32
		{3FA9B1E0-D56E-4C46-A063-FAE8250995D7}.Debug|Win32.Build.0 = Debug|Win32
		{3FA9B1E0-D56E-4C46-A063-FAE8250995D7}.Release|Win32.ActiveCfg = Release|Win32
		{3FA9B1E0-D56E-4C46-A063-FAE8250995D7}.Release|Win32.Build.0 = Release|Win32
		{FEBECA4A-F312-44B2-8F06-A9BDF18F3D78}.Debug|Win32.ActiveCfg = Debug|Win32
		{FEBECA4A-F312-44B2-8F06-A9BDF18F3D78}.Debug|Win32.Build.0 = Debug|Win32
		{FEBECA4A-F312-44B2-8F06-A9BDF18F3D78}.Release|Win32.ActiveCfg = Release|Win32
		{FEBECA4A-F312-44B2-8F06-A9BDF18F3D78}.Release|Win32.Build.0 = Release|Win32
		{29079109-39EF-41B5-861D-692F2EF554C6}.Debug|Win32.ActiveCfg = Debug|Win32
		{29079109-39EF-41B5-861D-692F2EF554C6}.Debug|Win32.Build.0 = Debug|Win32
		{29079109-39EF-41B5-861D-692F2EF554C6}.Release|Win32.ActiveCfg = Release|Win32
		{29079109-39EF-41B5-861D-692F2EF554C6}.Release|Win32.Build.0 = Release|Win32
		{13AD480A-0D51-4B65-995C-24D44AB61FB4}.Debug|Win32.ActiveCfg = Debug|Win32
		{13AD480A-0D51-4B65-995C-24D44AB61FB4}.Debug|Win32.Build.0 = Debug|Win32
		{13AD480A-0D51-4B65-995C-24D44AB61FB4}.Release|Win32.ActiveCfg = Release|Win32
		{13AD480A-0D51-4B65-995C-24D44AB61FB4}.Release|Win32.Build.0 = Release|Win32
		{15ADA377-0E5C-48CA-8D16-99ECF9853C2D}.Debug|Win32.ActiveCfg = Debug|Win32
		{15ADA377-0E5C-48CA-8D16-99ECF9853C2D}.Debug|Win32.Build.0 = Debug|Win32
		{15ADA377-0E5C-48CA-8D16-99ECF9853C2D}.Release|Win32.ActiveCfg = Release|Win32
		{15ADA377-0E5C-48CA-8D16-99ECF9853C2D}.Release|Win32.Build.0 = Release|Win32
	EndGlobalSection
	GlobalSection(SolutionProperties) = preSolution
		HideSolutionNode = FALSE
	EndGlobalSection
	GlobalSection(SubversionScc) = preSolution
		Svn-Managed = True
		Manager = AnkhSVN - Subversion Support for Visual Studio
	EndGlobalSection
EndGlobal
