Microsoft Visual Studio Solution File, Format Version 10.00
# Visual C++ Express 2008
Project("{8BC9CEB8-8B4A-11D0-8D11-00A0C91BC942}") = "04_Demo_SoundPlayback", "example_projects\04_Demo_SoundPlayback\04_Demo_SoundPlayback.vcproj", "{ACAF1B3D-F407-472E-A0D9-60546A5B8786}"
	ProjectSection(ProjectDependencies) = postProject
		{FE179849-DD52-473E-BE15-5A5E52BFFF1F} = {FE179849-DD52-473E-BE15-5A5E52BFFF1F}
	EndProjectSection
EndProject
Project("{8BC9CEB8-8B4A-11D0-8D11-00A0C91BC942}") = "05_Demo_Mic", "example_projects\05_Demo_Mic\05_Demo_Mic.vcproj", "{68C91ED7-3425-4A59-BDC5-BC5440992D21}"
	ProjectSection(ProjectDependencies) = postProject
		{FE179849-DD52-473E-BE15-5A5E52BFFF1F} = {FE179849-DD52-473E-BE15-5A5E52BFFF1F}
	EndProjectSection
EndProject
Project("{8BC9CEB8-8B4A-11D0-8D11-00A0C91BC942}") = "08_Demo_BackgroundSubtration", "example_projects\08_Demo_BackgroundSubtration\08_Demo_BackgroundSubtration.vcproj", "{0E89CA54-CD0E-493B-A594-0C08C2EF990C}"
	ProjectSection(ProjectDependencies) = postProject
		{FE179849-DD52-473E-BE15-5A5E52BFFF1F} = {FE179849-DD52-473E-BE15-5A5E52BFFF1F}
	EndProjectSection
EndProject
Project("{8BC9CEB8-8B4A-11D0-8D11-00A0C91BC942}") = "09_Demo_BlobDetection", "example_projects\09_Demo_BlobDetection\09_DemoBlob_Detection.vcproj", "{6E9D505C-607A-40F1-A14B-001519DAEE4C}"
	ProjectSection(ProjectDependencies) = postProject
		{FE179849-DD52-473E-BE15-5A5E52BFFF1F} = {FE179849-DD52-473E-BE15-5A5E52BFFF1F}
	EndProjectSection
EndProject
Project("{8BC9CEB8-8B4A-11D0-8D11-00A0C91BC942}") = "10_Midi_In", "example_projects\10_Midi_In\10_Midi_In.vcproj", "{230ECBFC-C62F-4DEE-BD41-F2D7AD9882D3}"
	ProjectSection(ProjectDependencies) = postProject
		{FE179849-DD52-473E-BE15-5A5E52BFFF1F} = {FE179849-DD52-473E-BE15-5A5E52BFFF1F}
	EndProjectSection
EndProject
Project("{8BC9CEB8-8B4A-11D0-8D11-00A0C91BC942}") = "Strings", "example_projects\Strings\Strings.vcproj", "{63E3346F-633C-4C17-BC19-E42DCFD00595}"
	ProjectSection(ProjectDependencies) = postProject
		{FE179849-DD52-473E-BE15-5A5E52BFFF1F} = {FE179849-DD52-473E-BE15-5A5E52BFFF1F}
	EndProjectSection
EndProject
Project("{8BC9CEB8-8B4A-11D0-8D11-00A0C91BC942}") = "VideoPlayback", "example_projects\VideoPlayback\VideoPlayback.vcproj", "{73FD1BCC-DCD3-4770-B4D2-1CB84F01AD16}"
	ProjectSection(ProjectDependencies) = postProject
		{FE179849-DD52-473E-BE15-5A5E52BFFF1F} = {FE179849-DD52-473E-BE15-5A5E52BFFF1F}
	EndProjectSection
EndProject
Project("{8BC9CEB8-8B4A-11D0-8D11-00A0C91BC942}") = "XmlLoad", "example_projects\XmlLoad\XmlLoad.vcproj", "{85726011-51A8-4B67-ABC6-BE2924C174E3}"
	ProjectSection(ProjectDependencies) = postProject
		{FE179849-DD52-473E-BE15-5A5E52BFFF1F} = {FE179849-DD52-473E-BE15-5A5E52BFFF1F}
	EndProjectSection
EndProject
Project("{8BC9CEB8-8B4A-11D0-8D11-00A0C91BC942}") = "3DObjectImport", "example_projects\3DObjectImport\3DObjectImport.vcproj", "{3D44AF44-2883-4B3A-B8DB-1607BB953F15}"
	ProjectSection(ProjectDependencies) = postProject
		{FE179849-DD52-473E-BE15-5A5E52BFFF1F} = {FE179849-DD52-473E-BE15-5A5E52BFFF1F}
	EndProjectSection
EndProject
Project("{8BC9CEB8-8B4A-11D0-8D11-00A0C91BC942}") = "00_SimpleDrawing", "example_projects\00_SimpleDrawing\00_SimpleDrawing.vcproj", "{FF41E024-6CA4-41E3-B728-801FFD75AF3E}"
	ProjectSection(ProjectDependencies) = postProject
		{FE179849-DD52-473E-BE15-5A5E52BFFF1F} = {FE179849-DD52-473E-BE15-5A5E52BFFF1F}
	EndProjectSection
EndProject
Project("{8BC9CEB8-8B4A-11D0-8D11-00A0C91BC942}") = "01_Drawing_and_Transformations", "example_projects\01_Drawing_and_Transformations\01_Drawing_and_Transformations.vcproj", "{E21CBED3-ACB6-4E5B-8417-F83355A879CC}"
	ProjectSection(ProjectDependencies) = postProject
		{FE179849-DD52-473E-BE15-5A5E52BFFF1F} = {FE179849-DD52-473E-BE15-5A5E52BFFF1F}
	EndProjectSection
EndProject
Project("{8BC9CEB8-8B4A-11D0-8D11-00A0C91BC942}") = "_Cing", "cing\build\win\visualStudio_2008\Cing\Cing.vcproj", "{FE179849-DD52-473E-BE15-5A5E52BFFF1F}"
EndProject
Project("{8BC9CEB8-8B4A-11D0-8D11-00A0C91BC942}") = "02_Loading_Images", "example_projects\02_Loading_Images\02_Loading_Images.vcproj", "{B4023377-BFE0-4F96-8E59-22E90AEF59C9}"
	ProjectSection(ProjectDependencies) = postProject
		{FE179849-DD52-473E-BE15-5A5E52BFFF1F} = {FE179849-DD52-473E-BE15-5A5E52BFFF1F}
	EndProjectSection
EndProject
Project("{8BC9CEB8-8B4A-11D0-8D11-00A0C91BC942}") = "03_Drawing_in_3D", "example_projects\03_Drawing_in_3D\03_Drawing_in_3D.vcproj", "{5798ABE5-00AC-4BBE-AFA9-490FA9F67A08}"
	ProjectSection(ProjectDependencies) = postProject
		{FE179849-DD52-473E-BE15-5A5E52BFFF1F} = {FE179849-DD52-473E-BE15-5A5E52BFFF1F}
	EndProjectSection
EndProject
Project("{8BC9CEB8-8B4A-11D0-8D11-00A0C91BC942}") = "04_Physics", "example_projects\04_Physics\04_Physics.vcproj", "{179D4F12-4894-4FE1-B749-304603B97DB3}"
	ProjectSection(ProjectDependencies) = postProject
		{FE179849-DD52-473E-BE15-5A5E52BFFF1F} = {FE179849-DD52-473E-BE15-5A5E52BFFF1F}
	EndProjectSection
EndProject
Project("{8BC9CEB8-8B4A-11D0-8D11-00A0C91BC942}") = "Font", "example_projects\Font\Font.vcproj", "{AA13A684-C0DD-49CE-AC99-BA231EA9317B}"
EndProject
Global
	GlobalSection(SolutionConfigurationPlatforms) = preSolution
		Debug|Win32 = Debug|Win32
		Release|Win32 = Release|Win32
	EndGlobalSection
	GlobalSection(ProjectConfigurationPlatforms) = postSolution
		{ACAF1B3D-F407-472E-A0D9-60546A5B8786}.Debug|Win32.ActiveCfg = Debug|Win32
		{ACAF1B3D-F407-472E-A0D9-60546A5B8786}.Debug|Win32.Build.0 = Debug|Win32
		{ACAF1B3D-F407-472E-A0D9-60546A5B8786}.Release|Win32.ActiveCfg = Release|Win32
		{ACAF1B3D-F407-472E-A0D9-60546A5B8786}.Release|Win32.Build.0 = Release|Win32
		{68C91ED7-3425-4A59-BDC5-BC5440992D21}.Debug|Win32.ActiveCfg = Debug|Win32
		{68C91ED7-3425-4A59-BDC5-BC5440992D21}.Debug|Win32.Build.0 = Debug|Win32
		{68C91ED7-3425-4A59-BDC5-BC5440992D21}.Release|Win32.ActiveCfg = Release|Win32
		{68C91ED7-3425-4A59-BDC5-BC5440992D21}.Release|Win32.Build.0 = Release|Win32
		{0E89CA54-CD0E-493B-A594-0C08C2EF990C}.Debug|Win32.ActiveCfg = Debug|Win32
		{0E89CA54-CD0E-493B-A594-0C08C2EF990C}.Debug|Win32.Build.0 = Debug|Win32
		{0E89CA54-CD0E-493B-A594-0C08C2EF990C}.Release|Win32.ActiveCfg = Release|Win32
		{0E89CA54-CD0E-493B-A594-0C08C2EF990C}.Release|Win32.Build.0 = Release|Win32
		{6E9D505C-607A-40F1-A14B-001519DAEE4C}.Debug|Win32.ActiveCfg = Debug|Win32
		{6E9D505C-607A-40F1-A14B-001519DAEE4C}.Debug|Win32.Build.0 = Debug|Win32
		{6E9D505C-607A-40F1-A14B-001519DAEE4C}.Release|Win32.ActiveCfg = Release|Win32
		{6E9D505C-607A-40F1-A14B-001519DAEE4C}.Release|Win32.Build.0 = Release|Win32
		{230ECBFC-C62F-4DEE-BD41-F2D7AD9882D3}.Debug|Win32.ActiveCfg = Debug|Win32
		{230ECBFC-C62F-4DEE-BD41-F2D7AD9882D3}.Debug|Win32.Build.0 = Debug|Win32
		{230ECBFC-C62F-4DEE-BD41-F2D7AD9882D3}.Release|Win32.ActiveCfg = Release|Win32
		{230ECBFC-C62F-4DEE-BD41-F2D7AD9882D3}.Release|Win32.Build.0 = Release|Win32
		{63E3346F-633C-4C17-BC19-E42DCFD00595}.Debug|Win32.ActiveCfg = Debug|Win32
		{63E3346F-633C-4C17-BC19-E42DCFD00595}.Debug|Win32.Build.0 = Debug|Win32
		{63E3346F-633C-4C17-BC19-E42DCFD00595}.Release|Win32.ActiveCfg = Release|Win32
		{63E3346F-633C-4C17-BC19-E42DCFD00595}.Release|Win32.Build.0 = Release|Win32
		{73FD1BCC-DCD3-4770-B4D2-1CB84F01AD16}.Debug|Win32.ActiveCfg = Debug|Win32
		{73FD1BCC-DCD3-4770-B4D2-1CB84F01AD16}.Debug|Win32.Build.0 = Debug|Win32
		{73FD1BCC-DCD3-4770-B4D2-1CB84F01AD16}.Release|Win32.ActiveCfg = Release|Win32
		{73FD1BCC-DCD3-4770-B4D2-1CB84F01AD16}.Release|Win32.Build.0 = Release|Win32
		{85726011-51A8-4B67-ABC6-BE2924C174E3}.Debug|Win32.ActiveCfg = Debug|Win32
		{85726011-51A8-4B67-ABC6-BE2924C174E3}.Debug|Win32.Build.0 = Debug|Win32
		{85726011-51A8-4B67-ABC6-BE2924C174E3}.Release|Win32.ActiveCfg = Release|Win32
		{85726011-51A8-4B67-ABC6-BE2924C174E3}.Release|Win32.Build.0 = Release|Win32
		{3D44AF44-2883-4B3A-B8DB-1607BB953F15}.Debug|Win32.ActiveCfg = Debug|Win32
		{3D44AF44-2883-4B3A-B8DB-1607BB953F15}.Debug|Win32.Build.0 = Debug|Win32
		{3D44AF44-2883-4B3A-B8DB-1607BB953F15}.Release|Win32.ActiveCfg = Release|Win32
		{3D44AF44-2883-4B3A-B8DB-1607BB953F15}.Release|Win32.Build.0 = Release|Win32
		{FF41E024-6CA4-41E3-B728-801FFD75AF3E}.Debug|Win32.ActiveCfg = Debug|Win32
		{FF41E024-6CA4-41E3-B728-801FFD75AF3E}.Debug|Win32.Build.0 = Debug|Win32
		{FF41E024-6CA4-41E3-B728-801FFD75AF3E}.Release|Win32.ActiveCfg = Release|Win32
		{FF41E024-6CA4-41E3-B728-801FFD75AF3E}.Release|Win32.Build.0 = Release|Win32
		{E21CBED3-ACB6-4E5B-8417-F83355A879CC}.Debug|Win32.ActiveCfg = Debug|Win32
		{E21CBED3-ACB6-4E5B-8417-F83355A879CC}.Debug|Win32.Build.0 = Debug|Win32
		{E21CBED3-ACB6-4E5B-8417-F83355A879CC}.Release|Win32.ActiveCfg = Release|Win32
		{E21CBED3-ACB6-4E5B-8417-F83355A879CC}.Release|Win32.Build.0 = Release|Win32
		{FE179849-DD52-473E-BE15-5A5E52BFFF1F}.Debug|Win32.ActiveCfg = Debug|Win32
		{FE179849-DD52-473E-BE15-5A5E52BFFF1F}.Debug|Win32.Build.0 = Debug|Win32
		{FE179849-DD52-473E-BE15-5A5E52BFFF1F}.Release|Win32.ActiveCfg = Release|Win32
		{FE179849-DD52-473E-BE15-5A5E52BFFF1F}.Release|Win32.Build.0 = Release|Win32
		{B4023377-BFE0-4F96-8E59-22E90AEF59C9}.Debug|Win32.ActiveCfg = Debug|Win32
		{B4023377-BFE0-4F96-8E59-22E90AEF59C9}.Debug|Win32.Build.0 = Debug|Win32
		{B4023377-BFE0-4F96-8E59-22E90AEF59C9}.Release|Win32.ActiveCfg = Release|Win32
		{B4023377-BFE0-4F96-8E59-22E90AEF59C9}.Release|Win32.Build.0 = Release|Win32
		{5798ABE5-00AC-4BBE-AFA9-490FA9F67A08}.Debug|Win32.ActiveCfg = Debug|Win32
		{5798ABE5-00AC-4BBE-AFA9-490FA9F67A08}.Debug|Win32.Build.0 = Debug|Win32
		{5798ABE5-00AC-4BBE-AFA9-490FA9F67A08}.Release|Win32.ActiveCfg = Release|Win32
		{5798ABE5-00AC-4BBE-AFA9-490FA9F67A08}.Release|Win32.Build.0 = Release|Win32
		{179D4F12-4894-4FE1-B749-304603B97DB3}.Debug|Win32.ActiveCfg = Debug|Win32
		{179D4F12-4894-4FE1-B749-304603B97DB3}.Debug|Win32.Build.0 = Debug|Win32
		{179D4F12-4894-4FE1-B749-304603B97DB3}.Release|Win32.ActiveCfg = Release|Win32
		{179D4F12-4894-4FE1-B749-304603B97DB3}.Release|Win32.Build.0 = Release|Win32
		{AA13A684-C0DD-49CE-AC99-BA231EA9317B}.Debug|Win32.ActiveCfg = Debug|Win32
		{AA13A684-C0DD-49CE-AC99-BA231EA9317B}.Debug|Win32.Build.0 = Debug|Win32
		{AA13A684-C0DD-49CE-AC99-BA231EA9317B}.Release|Win32.ActiveCfg = Release|Win32
		{AA13A684-C0DD-49CE-AC99-BA231EA9317B}.Release|Win32.Build.0 = Release|Win32
	EndGlobalSection
	GlobalSection(SolutionProperties) = preSolution
		HideSolutionNode = FALSE
	EndGlobalSection
	GlobalSection(SubversionScc) = preSolution
		Svn-Managed = True
		Manager = AnkhSVN - Subversion Support for Visual Studio
	EndGlobalSection
EndGlobal
