
Microsoft Visual Studio Solution File, Format Version 9.00
# Visual Studio 2005
Project("{8BC9CEB8-8B4A-11D0-8D11-00A0C91BC942}") = "DemoPhysics", "examples\DemoPhysics\DemoPhysics.vcproj", "{7909D9FE-89C5-4597-925B-070532F6DCCC}"
	ProjectSection(ProjectDependencies) = postProject
		{FE179849-DD52-473E-BE15-5A5E52BFFF1F} = {FE179849-DD52-473E-BE15-5A5E52BFFF1F}
	EndProjectSection
EndProject
Project("{8BC9CEB8-8B4A-11D0-8D11-00A0C91BC942}") = "Vision", "vision\build\visualStudio_2005\Vision\Vision.vcproj", "{FE179849-DD52-473E-BE15-5A5E52BFFF1F}"
EndProject
Project("{8BC9CEB8-8B4A-11D0-8D11-00A0C91BC942}") = "Demo1", "examples\Demo1\Demo1.vcproj", "{5D837B13-4F0B-4400-962E-8550FDF8BBF7}"
	ProjectSection(ProjectDependencies) = postProject
		{FE179849-DD52-473E-BE15-5A5E52BFFF1F} = {FE179849-DD52-473E-BE15-5A5E52BFFF1F}
	EndProjectSection
EndProject
Project("{8BC9CEB8-8B4A-11D0-8D11-00A0C91BC942}") = "Demo2", "examples\Demo2\Demo2.vcproj", "{2AB7FE2F-65FD-47E4-A5A6-9483CE7EB00B}"
	ProjectSection(ProjectDependencies) = postProject
		{FE179849-DD52-473E-BE15-5A5E52BFFF1F} = {FE179849-DD52-473E-BE15-5A5E52BFFF1F}
	EndProjectSection
EndProject
Global
	GlobalSection(SolutionConfigurationPlatforms) = preSolution
		Debug|Win32 = Debug|Win32
		Release|Win32 = Release|Win32
	EndGlobalSection
	GlobalSection(ProjectConfigurationPlatforms) = postSolution
		{7909D9FE-89C5-4597-925B-070532F6DCCC}.Debug|Win32.ActiveCfg = Debug|Win32
		{7909D9FE-89C5-4597-925B-070532F6DCCC}.Debug|Win32.Build.0 = Debug|Win32
		{7909D9FE-89C5-4597-925B-070532F6DCCC}.Release|Win32.ActiveCfg = Release|Win32
		{7909D9FE-89C5-4597-925B-070532F6DCCC}.Release|Win32.Build.0 = Release|Win32
		{FE179849-DD52-473E-BE15-5A5E52BFFF1F}.Debug|Win32.ActiveCfg = Debug|Win32
		{FE179849-DD52-473E-BE15-5A5E52BFFF1F}.Debug|Win32.Build.0 = Debug|Win32
		{FE179849-DD52-473E-BE15-5A5E52BFFF1F}.Release|Win32.ActiveCfg = Release|Win32
		{FE179849-DD52-473E-BE15-5A5E52BFFF1F}.Release|Win32.Build.0 = Release|Win32
		{5D837B13-4F0B-4400-962E-8550FDF8BBF7}.Debug|Win32.ActiveCfg = Debug|Win32
		{5D837B13-4F0B-4400-962E-8550FDF8BBF7}.Debug|Win32.Build.0 = Debug|Win32
		{5D837B13-4F0B-4400-962E-8550FDF8BBF7}.Release|Win32.ActiveCfg = Release|Win32
		{5D837B13-4F0B-4400-962E-8550FDF8BBF7}.Release|Win32.Build.0 = Release|Win32
		{2AB7FE2F-65FD-47E4-A5A6-9483CE7EB00B}.Debug|Win32.ActiveCfg = Debug|Win32
		{2AB7FE2F-65FD-47E4-A5A6-9483CE7EB00B}.Debug|Win32.Build.0 = Debug|Win32
		{2AB7FE2F-65FD-47E4-A5A6-9483CE7EB00B}.Release|Win32.ActiveCfg = Release|Win32
		{2AB7FE2F-65FD-47E4-A5A6-9483CE7EB00B}.Release|Win32.Build.0 = Release|Win32
	EndGlobalSection
	GlobalSection(SolutionProperties) = preSolution
		HideSolutionNode = FALSE
	EndGlobalSection
EndGlobal
