Microsoft Visual Studio Solution File, Format Version 9.00
# Visual Studio 2005
Project("{8BC9CEB8-8B4A-11D0-8D11-00A0C91BC942}") = "Vision", "vision\build\visualStudio_2005\Vision\Vision.vcproj", "{FE179849-DD52-473E-BE15-5A5E52BFFF1F}"
EndProject
Project("{8BC9CEB8-8B4A-11D0-8D11-00A0C91BC942}") = "00_Demo_Image", "examples\00_Demo_Image\00_Demo_Image.vcproj", "{0C3885B7-0BA7-45CD-8F7E-9718DCC1E83F}"
	ProjectSection(ProjectDependencies) = postProject
		{FE179849-DD52-473E-BE15-5A5E52BFFF1F} = {FE179849-DD52-473E-BE15-5A5E52BFFF1F}
	EndProjectSection
EndProject
Project("{8BC9CEB8-8B4A-11D0-8D11-00A0C91BC942}") = "01_Demo_DrawingPrimitives", "examples\01_Demo_DrawingPrimitives\01_Demo_DrawingPrimitives.vcproj", "{B0ABE9D8-F361-4011-87F1-CF71FF9C13C1}"
	ProjectSection(ProjectDependencies) = postProject
		{FE179849-DD52-473E-BE15-5A5E52BFFF1F} = {FE179849-DD52-473E-BE15-5A5E52BFFF1F}
	EndProjectSection
EndProject
Project("{8BC9CEB8-8B4A-11D0-8D11-00A0C91BC942}") = "02_Demo_3DPrimitives", "examples\02_Demo_3DPrimitives\02_Demo_3DPrimitives.vcproj", "{6E07A895-68FC-4479-BD16-6A327467106B}"
	ProjectSection(ProjectDependencies) = postProject
		{FE179849-DD52-473E-BE15-5A5E52BFFF1F} = {FE179849-DD52-473E-BE15-5A5E52BFFF1F}
	EndProjectSection
EndProject
Project("{8BC9CEB8-8B4A-11D0-8D11-00A0C91BC942}") = "03_Demo_Physics", "examples\03_Demo_Physics\03_Demo_Physics.vcproj", "{35A10BBD-FF75-461D-A73B-93A7881BB37F}"
	ProjectSection(ProjectDependencies) = postProject
		{FE179849-DD52-473E-BE15-5A5E52BFFF1F} = {FE179849-DD52-473E-BE15-5A5E52BFFF1F}
	EndProjectSection
EndProject
Project("{8BC9CEB8-8B4A-11D0-8D11-00A0C91BC942}") = "04_Demo_SoundPlayback", "examples\04_Demo_SoundPlayback\04_Demo_SoundPlayback.vcproj", "{ACAF1B3D-F407-472E-A0D9-60546A5B8786}"
	ProjectSection(ProjectDependencies) = postProject
		{FE179849-DD52-473E-BE15-5A5E52BFFF1F} = {FE179849-DD52-473E-BE15-5A5E52BFFF1F}
	EndProjectSection
EndProject
Project("{8BC9CEB8-8B4A-11D0-8D11-00A0C91BC942}") = "05_Demo_Mic", "examples\05_Demo_Mic\05_Demo_Mic.vcproj", "{68C91ED7-3425-4A59-BDC5-BC5440992D21}"
	ProjectSection(ProjectDependencies) = postProject
		{FE179849-DD52-473E-BE15-5A5E52BFFF1F} = {FE179849-DD52-473E-BE15-5A5E52BFFF1F}
	EndProjectSection
EndProject
Project("{8BC9CEB8-8B4A-11D0-8D11-00A0C91BC942}") = "06_Demo_VideoPlayback", "examples\06_Demo_VideoPlayback\06_Demo_VideoPlayback.vcproj", "{CDB45802-76CA-4326-85BE-76212F25B1B7}"
	ProjectSection(ProjectDependencies) = postProject
		{FE179849-DD52-473E-BE15-5A5E52BFFF1F} = {FE179849-DD52-473E-BE15-5A5E52BFFF1F}
	EndProjectSection
EndProject
Project("{8BC9CEB8-8B4A-11D0-8D11-00A0C91BC942}") = "07_Demo_2d3dMix", "examples\07_Demo_2d3dMix\07_Demo_2d3dMix.vcproj", "{06B166EF-28D8-4CFB-B43B-7B6408133DCC}"
	ProjectSection(ProjectDependencies) = postProject
		{FE179849-DD52-473E-BE15-5A5E52BFFF1F} = {FE179849-DD52-473E-BE15-5A5E52BFFF1F}
	EndProjectSection
EndProject
Project("{8BC9CEB8-8B4A-11D0-8D11-00A0C91BC942}") = "08_Demo_BackgroundSubtration", "examples\08_Demo_BackgroundSubtration\08_Demo_BackgroundSubtration.vcproj", "{0E89CA54-CD0E-493B-A594-0C08C2EF990C}"
	ProjectSection(ProjectDependencies) = postProject
		{FE179849-DD52-473E-BE15-5A5E52BFFF1F} = {FE179849-DD52-473E-BE15-5A5E52BFFF1F}
	EndProjectSection
EndProject
Project("{8BC9CEB8-8B4A-11D0-8D11-00A0C91BC942}") = "09_Demo_BlobDetection", "examples\09_Demo_BlobDetection\09_DemoBlob_Detection.vcproj", "{6E9D505C-607A-40F1-A14B-001519DAEE4C}"
	ProjectSection(ProjectDependencies) = postProject
		{FE179849-DD52-473E-BE15-5A5E52BFFF1F} = {FE179849-DD52-473E-BE15-5A5E52BFFF1F}
	EndProjectSection
EndProject
Project("{8BC9CEB8-8B4A-11D0-8D11-00A0C91BC942}") = "10_Midi_In", "examples\10_Midi_In\10_Midi_In.vcproj", "{230ECBFC-C62F-4DEE-BD41-F2D7AD9882D3}"
	ProjectSection(ProjectDependencies) = postProject
		{FE179849-DD52-473E-BE15-5A5E52BFFF1F} = {FE179849-DD52-473E-BE15-5A5E52BFFF1F}
	EndProjectSection
EndProject
Project("{8BC9CEB8-8B4A-11D0-8D11-00A0C91BC942}") = "11_Demo_Interactive3dObject", "examples\11_Demo_Interactive3dObject\11_Demo_Interactive3dObject.vcproj", "{07E8F4C2-B3A5-4958-AC5E-18A35A5D5854}"
	ProjectSection(ProjectDependencies) = postProject
		{FE179849-DD52-473E-BE15-5A5E52BFFF1F} = {FE179849-DD52-473E-BE15-5A5E52BFFF1F}
	EndProjectSection
EndProject
Project("{8BC9CEB8-8B4A-11D0-8D11-00A0C91BC942}") = "Points and Lines", "examples\Points and Lines\Points and Lines.vcproj", "{660A44A3-E028-4902-A0D1-53C317B0EBF8}"
	ProjectSection(ProjectDependencies) = postProject
		{FE179849-DD52-473E-BE15-5A5E52BFFF1F} = {FE179849-DD52-473E-BE15-5A5E52BFFF1F}
	EndProjectSection
EndProject
Project("{8BC9CEB8-8B4A-11D0-8D11-00A0C91BC942}") = "Shape Primitives", "examples\Shape Primitives\Shape Primitives.vcproj", "{B031B9BC-3370-436E-BFD4-5D8C11074EC8}"
	ProjectSection(ProjectDependencies) = postProject
		{FE179849-DD52-473E-BE15-5A5E52BFFF1F} = {FE179849-DD52-473E-BE15-5A5E52BFFF1F}
	EndProjectSection
EndProject
Project("{8BC9CEB8-8B4A-11D0-8D11-00A0C91BC942}") = "Pie Chart", "examples\Pie Chart\Pie Chart.vcproj", "{5721A9E0-9A6D-4E8F-B8C0-E60060AC274F}"
	ProjectSection(ProjectDependencies) = postProject
		{FE179849-DD52-473E-BE15-5A5E52BFFF1F} = {FE179849-DD52-473E-BE15-5A5E52BFFF1F}
	EndProjectSection
EndProject
Project("{8BC9CEB8-8B4A-11D0-8D11-00A0C91BC942}") = "Iteration", "examples\Iteration\Iteration.vcproj", "{A967B96C-395B-4CED-8093-2258D1337CFA}"
	ProjectSection(ProjectDependencies) = postProject
		{FE179849-DD52-473E-BE15-5A5E52BFFF1F} = {FE179849-DD52-473E-BE15-5A5E52BFFF1F}
	EndProjectSection
EndProject
Project("{8BC9CEB8-8B4A-11D0-8D11-00A0C91BC942}") = "Embedded Iteration", "examples\Embedded Iteration\Embedded Iteration.vcproj", "{A98AECBF-EE6A-4FDF-9C05-BC11A3F85305}"
	ProjectSection(ProjectDependencies) = postProject
		{FE179849-DD52-473E-BE15-5A5E52BFFF1F} = {FE179849-DD52-473E-BE15-5A5E52BFFF1F}
	EndProjectSection
EndProject
Project("{8BC9CEB8-8B4A-11D0-8D11-00A0C91BC942}") = "Conditionals 1", "examples\Conditionals 1\Conditionals 1.vcproj", "{06D94DE6-3E23-4D5D-A385-890E3EB31FA6}"
	ProjectSection(ProjectDependencies) = postProject
		{FE179849-DD52-473E-BE15-5A5E52BFFF1F} = {FE179849-DD52-473E-BE15-5A5E52BFFF1F}
	EndProjectSection
EndProject
Project("{8BC9CEB8-8B4A-11D0-8D11-00A0C91BC942}") = "Distance 2D", "examples\Distance 2D\Distance 2D.vcproj", "{F47AF940-76F7-408C-94E0-35F4329A186E}"
	ProjectSection(ProjectDependencies) = postProject
		{FE179849-DD52-473E-BE15-5A5E52BFFF1F} = {FE179849-DD52-473E-BE15-5A5E52BFFF1F}
	EndProjectSection
EndProject
Project("{8BC9CEB8-8B4A-11D0-8D11-00A0C91BC942}") = "Mouse2D", "examples\Mouse2D\Mouse2D.vcproj", "{19826331-A016-48B0-9A7C-8ABE3BA05C6E}"
	ProjectSection(ProjectDependencies) = postProject
		{FE179849-DD52-473E-BE15-5A5E52BFFF1F} = {FE179849-DD52-473E-BE15-5A5E52BFFF1F}
	EndProjectSection
EndProject
Project("{8BC9CEB8-8B4A-11D0-8D11-00A0C91BC942}") = "Strings", "examples\Strings\Strings.vcproj", "{63E3346F-633C-4C17-BC19-E42DCFD00595}"
	ProjectSection(ProjectDependencies) = postProject
		{FE179849-DD52-473E-BE15-5A5E52BFFF1F} = {FE179849-DD52-473E-BE15-5A5E52BFFF1F}
	EndProjectSection
EndProject
Project("{8BC9CEB8-8B4A-11D0-8D11-00A0C91BC942}") = "Simple Image Example", "examples\Simple Image Example\Simple Image Example.vcproj", "{507E4117-CC89-4756-B697-0505C5DAE12C}"
	ProjectSection(ProjectDependencies) = postProject
		{FE179849-DD52-473E-BE15-5A5E52BFFF1F} = {FE179849-DD52-473E-BE15-5A5E52BFFF1F}
	EndProjectSection
EndProject
Project("{8BC9CEB8-8B4A-11D0-8D11-00A0C91BC942}") = "Noise2D", "examples\Noise2D\Noise2D.vcproj", "{F0F2F223-8404-4DFA-B095-445BE674B5E3}"
	ProjectSection(ProjectDependencies) = postProject
		{FE179849-DD52-473E-BE15-5A5E52BFFF1F} = {FE179849-DD52-473E-BE15-5A5E52BFFF1F}
	EndProjectSection
EndProject
Project("{8BC9CEB8-8B4A-11D0-8D11-00A0C91BC942}") = "Pixels", "examples\Pixels\Pixels.vcproj", "{6A94F9B8-215F-4786-9EC2-828D51C38026}"
	ProjectSection(ProjectDependencies) = postProject
		{FE179849-DD52-473E-BE15-5A5E52BFFF1F} = {FE179849-DD52-473E-BE15-5A5E52BFFF1F}
	EndProjectSection
EndProject
Project("{8BC9CEB8-8B4A-11D0-8D11-00A0C91BC942}") = "Lerp", "examples\Lerp\Lerp.vcproj", "{088F06A1-2C5E-49B7-99BC-F386E2C1FF8C}"
	ProjectSection(ProjectDependencies) = postProject
		{FE179849-DD52-473E-BE15-5A5E52BFFF1F} = {FE179849-DD52-473E-BE15-5A5E52BFFF1F}
	EndProjectSection
EndProject
Project("{8BC9CEB8-8B4A-11D0-8D11-00A0C91BC942}") = "Inheritance", "examples\Inheritance\Inheritance.vcproj", "{8E43BF43-C9B4-425E-8B3C-23066D57E6B0}"
	ProjectSection(ProjectDependencies) = postProject
		{FE179849-DD52-473E-BE15-5A5E52BFFF1F} = {FE179849-DD52-473E-BE15-5A5E52BFFF1F}
	EndProjectSection
EndProject
Project("{8BC9CEB8-8B4A-11D0-8D11-00A0C91BC942}") = "Transformations 1", "examples\Transformations 1\Transformations 1.vcproj", "{5F4701BC-D232-4CFD-BE64-4CF74C6E2C8B}"
	ProjectSection(ProjectDependencies) = postProject
		{FE179849-DD52-473E-BE15-5A5E52BFFF1F} = {FE179849-DD52-473E-BE15-5A5E52BFFF1F}
	EndProjectSection
EndProject
Global
	GlobalSection(SolutionConfigurationPlatforms) = preSolution
		Debug|Win32 = Debug|Win32
		Release|Win32 = Release|Win32
	EndGlobalSection
	GlobalSection(ProjectConfigurationPlatforms) = postSolution
		{FE179849-DD52-473E-BE15-5A5E52BFFF1F}.Debug|Win32.ActiveCfg = Debug|Win32
		{FE179849-DD52-473E-BE15-5A5E52BFFF1F}.Debug|Win32.Build.0 = Debug|Win32
		{FE179849-DD52-473E-BE15-5A5E52BFFF1F}.Release|Win32.ActiveCfg = Release|Win32
		{FE179849-DD52-473E-BE15-5A5E52BFFF1F}.Release|Win32.Build.0 = Release|Win32
		{0C3885B7-0BA7-45CD-8F7E-9718DCC1E83F}.Debug|Win32.ActiveCfg = Debug|Win32
		{0C3885B7-0BA7-45CD-8F7E-9718DCC1E83F}.Debug|Win32.Build.0 = Debug|Win32
		{0C3885B7-0BA7-45CD-8F7E-9718DCC1E83F}.Release|Win32.ActiveCfg = Release|Win32
		{0C3885B7-0BA7-45CD-8F7E-9718DCC1E83F}.Release|Win32.Build.0 = Release|Win32
		{B0ABE9D8-F361-4011-87F1-CF71FF9C13C1}.Debug|Win32.ActiveCfg = Debug|Win32
		{B0ABE9D8-F361-4011-87F1-CF71FF9C13C1}.Debug|Win32.Build.0 = Debug|Win32
		{B0ABE9D8-F361-4011-87F1-CF71FF9C13C1}.Release|Win32.ActiveCfg = Release|Win32
		{B0ABE9D8-F361-4011-87F1-CF71FF9C13C1}.Release|Win32.Build.0 = Release|Win32
		{6E07A895-68FC-4479-BD16-6A327467106B}.Debug|Win32.ActiveCfg = Debug|Win32
		{6E07A895-68FC-4479-BD16-6A327467106B}.Debug|Win32.Build.0 = Debug|Win32
		{6E07A895-68FC-4479-BD16-6A327467106B}.Release|Win32.ActiveCfg = Release|Win32
		{6E07A895-68FC-4479-BD16-6A327467106B}.Release|Win32.Build.0 = Release|Win32
		{35A10BBD-FF75-461D-A73B-93A7881BB37F}.Debug|Win32.ActiveCfg = Debug|Win32
		{35A10BBD-FF75-461D-A73B-93A7881BB37F}.Debug|Win32.Build.0 = Debug|Win32
		{35A10BBD-FF75-461D-A73B-93A7881BB37F}.Release|Win32.ActiveCfg = Release|Win32
		{35A10BBD-FF75-461D-A73B-93A7881BB37F}.Release|Win32.Build.0 = Release|Win32
		{ACAF1B3D-F407-472E-A0D9-60546A5B8786}.Debug|Win32.ActiveCfg = Debug|Win32
		{ACAF1B3D-F407-472E-A0D9-60546A5B8786}.Debug|Win32.Build.0 = Debug|Win32
		{ACAF1B3D-F407-472E-A0D9-60546A5B8786}.Release|Win32.ActiveCfg = Release|Win32
		{ACAF1B3D-F407-472E-A0D9-60546A5B8786}.Release|Win32.Build.0 = Release|Win32
		{68C91ED7-3425-4A59-BDC5-BC5440992D21}.Debug|Win32.ActiveCfg = Debug|Win32
		{68C91ED7-3425-4A59-BDC5-BC5440992D21}.Debug|Win32.Build.0 = Debug|Win32
		{68C91ED7-3425-4A59-BDC5-BC5440992D21}.Release|Win32.ActiveCfg = Release|Win32
		{68C91ED7-3425-4A59-BDC5-BC5440992D21}.Release|Win32.Build.0 = Release|Win32
		{CDB45802-76CA-4326-85BE-76212F25B1B7}.Debug|Win32.ActiveCfg = Debug|Win32
		{CDB45802-76CA-4326-85BE-76212F25B1B7}.Debug|Win32.Build.0 = Debug|Win32
		{CDB45802-76CA-4326-85BE-76212F25B1B7}.Release|Win32.ActiveCfg = Release|Win32
		{CDB45802-76CA-4326-85BE-76212F25B1B7}.Release|Win32.Build.0 = Release|Win32
		{06B166EF-28D8-4CFB-B43B-7B6408133DCC}.Debug|Win32.ActiveCfg = Debug|Win32
		{06B166EF-28D8-4CFB-B43B-7B6408133DCC}.Debug|Win32.Build.0 = Debug|Win32
		{06B166EF-28D8-4CFB-B43B-7B6408133DCC}.Release|Win32.ActiveCfg = Release|Win32
		{06B166EF-28D8-4CFB-B43B-7B6408133DCC}.Release|Win32.Build.0 = Release|Win32
		{0E89CA54-CD0E-493B-A594-0C08C2EF990C}.Debug|Win32.ActiveCfg = Debug|Win32
		{0E89CA54-CD0E-493B-A594-0C08C2EF990C}.Debug|Win32.Build.0 = Debug|Win32
		{0E89CA54-CD0E-493B-A594-0C08C2EF990C}.Release|Win32.ActiveCfg = Release|Win32
		{0E89CA54-CD0E-493B-A594-0C08C2EF990C}.Release|Win32.Build.0 = Release|Win32
		{6E9D505C-607A-40F1-A14B-001519DAEE4C}.Debug|Win32.ActiveCfg = Debug|Win32
		{6E9D505C-607A-40F1-A14B-001519DAEE4C}.Debug|Win32.Build.0 = Debug|Win32
		{6E9D505C-607A-40F1-A14B-001519DAEE4C}.Release|Win32.ActiveCfg = Release|Win32
		{6E9D505C-607A-40F1-A14B-001519DAEE4C}.Release|Win32.Build.0 = Release|Win32
		{230ECBFC-C62F-4DEE-BD41-F2D7AD9882D3}.Debug|Win32.ActiveCfg = Debug|Win32
		{230ECBFC-C62F-4DEE-BD41-F2D7AD9882D3}.Debug|Win32.Build.0 = Debug|Win32
		{230ECBFC-C62F-4DEE-BD41-F2D7AD9882D3}.Release|Win32.ActiveCfg = Release|Win32
		{230ECBFC-C62F-4DEE-BD41-F2D7AD9882D3}.Release|Win32.Build.0 = Release|Win32
		{07E8F4C2-B3A5-4958-AC5E-18A35A5D5854}.Debug|Win32.ActiveCfg = Debug|Win32
		{07E8F4C2-B3A5-4958-AC5E-18A35A5D5854}.Debug|Win32.Build.0 = Debug|Win32
		{07E8F4C2-B3A5-4958-AC5E-18A35A5D5854}.Release|Win32.ActiveCfg = Release|Win32
		{07E8F4C2-B3A5-4958-AC5E-18A35A5D5854}.Release|Win32.Build.0 = Release|Win32
		{660A44A3-E028-4902-A0D1-53C317B0EBF8}.Debug|Win32.ActiveCfg = Debug|Win32
		{660A44A3-E028-4902-A0D1-53C317B0EBF8}.Debug|Win32.Build.0 = Debug|Win32
		{660A44A3-E028-4902-A0D1-53C317B0EBF8}.Release|Win32.ActiveCfg = Release|Win32
		{660A44A3-E028-4902-A0D1-53C317B0EBF8}.Release|Win32.Build.0 = Release|Win32
		{B031B9BC-3370-436E-BFD4-5D8C11074EC8}.Debug|Win32.ActiveCfg = Debug|Win32
		{B031B9BC-3370-436E-BFD4-5D8C11074EC8}.Debug|Win32.Build.0 = Debug|Win32
		{B031B9BC-3370-436E-BFD4-5D8C11074EC8}.Release|Win32.ActiveCfg = Release|Win32
		{B031B9BC-3370-436E-BFD4-5D8C11074EC8}.Release|Win32.Build.0 = Release|Win32
		{5721A9E0-9A6D-4E8F-B8C0-E60060AC274F}.Debug|Win32.ActiveCfg = Debug|Win32
		{5721A9E0-9A6D-4E8F-B8C0-E60060AC274F}.Debug|Win32.Build.0 = Debug|Win32
		{5721A9E0-9A6D-4E8F-B8C0-E60060AC274F}.Release|Win32.ActiveCfg = Release|Win32
		{5721A9E0-9A6D-4E8F-B8C0-E60060AC274F}.Release|Win32.Build.0 = Release|Win32
		{A967B96C-395B-4CED-8093-2258D1337CFA}.Debug|Win32.ActiveCfg = Debug|Win32
		{A967B96C-395B-4CED-8093-2258D1337CFA}.Debug|Win32.Build.0 = Debug|Win32
		{A967B96C-395B-4CED-8093-2258D1337CFA}.Release|Win32.ActiveCfg = Release|Win32
		{A967B96C-395B-4CED-8093-2258D1337CFA}.Release|Win32.Build.0 = Release|Win32
		{A98AECBF-EE6A-4FDF-9C05-BC11A3F85305}.Debug|Win32.ActiveCfg = Debug|Win32
		{A98AECBF-EE6A-4FDF-9C05-BC11A3F85305}.Debug|Win32.Build.0 = Debug|Win32
		{A98AECBF-EE6A-4FDF-9C05-BC11A3F85305}.Release|Win32.ActiveCfg = Release|Win32
		{A98AECBF-EE6A-4FDF-9C05-BC11A3F85305}.Release|Win32.Build.0 = Release|Win32
		{06D94DE6-3E23-4D5D-A385-890E3EB31FA6}.Debug|Win32.ActiveCfg = Debug|Win32
		{06D94DE6-3E23-4D5D-A385-890E3EB31FA6}.Debug|Win32.Build.0 = Debug|Win32
		{06D94DE6-3E23-4D5D-A385-890E3EB31FA6}.Release|Win32.ActiveCfg = Release|Win32
		{06D94DE6-3E23-4D5D-A385-890E3EB31FA6}.Release|Win32.Build.0 = Release|Win32
		{F47AF940-76F7-408C-94E0-35F4329A186E}.Debug|Win32.ActiveCfg = Debug|Win32
		{F47AF940-76F7-408C-94E0-35F4329A186E}.Debug|Win32.Build.0 = Debug|Win32
		{F47AF940-76F7-408C-94E0-35F4329A186E}.Release|Win32.ActiveCfg = Release|Win32
		{F47AF940-76F7-408C-94E0-35F4329A186E}.Release|Win32.Build.0 = Release|Win32
		{19826331-A016-48B0-9A7C-8ABE3BA05C6E}.Debug|Win32.ActiveCfg = Debug|Win32
		{19826331-A016-48B0-9A7C-8ABE3BA05C6E}.Debug|Win32.Build.0 = Debug|Win32
		{19826331-A016-48B0-9A7C-8ABE3BA05C6E}.Release|Win32.ActiveCfg = Release|Win32
		{19826331-A016-48B0-9A7C-8ABE3BA05C6E}.Release|Win32.Build.0 = Release|Win32
		{63E3346F-633C-4C17-BC19-E42DCFD00595}.Debug|Win32.ActiveCfg = Debug|Win32
		{63E3346F-633C-4C17-BC19-E42DCFD00595}.Debug|Win32.Build.0 = Debug|Win32
		{63E3346F-633C-4C17-BC19-E42DCFD00595}.Release|Win32.ActiveCfg = Release|Win32
		{63E3346F-633C-4C17-BC19-E42DCFD00595}.Release|Win32.Build.0 = Release|Win32
		{507E4117-CC89-4756-B697-0505C5DAE12C}.Debug|Win32.ActiveCfg = Debug|Win32
		{507E4117-CC89-4756-B697-0505C5DAE12C}.Debug|Win32.Build.0 = Debug|Win32
		{507E4117-CC89-4756-B697-0505C5DAE12C}.Release|Win32.ActiveCfg = Release|Win32
		{507E4117-CC89-4756-B697-0505C5DAE12C}.Release|Win32.Build.0 = Release|Win32
		{F0F2F223-8404-4DFA-B095-445BE674B5E3}.Debug|Win32.ActiveCfg = Debug|Win32
		{F0F2F223-8404-4DFA-B095-445BE674B5E3}.Debug|Win32.Build.0 = Debug|Win32
		{F0F2F223-8404-4DFA-B095-445BE674B5E3}.Release|Win32.ActiveCfg = Release|Win32
		{F0F2F223-8404-4DFA-B095-445BE674B5E3}.Release|Win32.Build.0 = Release|Win32
		{6A94F9B8-215F-4786-9EC2-828D51C38026}.Debug|Win32.ActiveCfg = Debug|Win32
		{6A94F9B8-215F-4786-9EC2-828D51C38026}.Debug|Win32.Build.0 = Debug|Win32
		{6A94F9B8-215F-4786-9EC2-828D51C38026}.Release|Win32.ActiveCfg = Release|Win32
		{6A94F9B8-215F-4786-9EC2-828D51C38026}.Release|Win32.Build.0 = Release|Win32
		{088F06A1-2C5E-49B7-99BC-F386E2C1FF8C}.Debug|Win32.ActiveCfg = Debug|Win32
		{088F06A1-2C5E-49B7-99BC-F386E2C1FF8C}.Debug|Win32.Build.0 = Debug|Win32
		{088F06A1-2C5E-49B7-99BC-F386E2C1FF8C}.Release|Win32.ActiveCfg = Release|Win32
		{088F06A1-2C5E-49B7-99BC-F386E2C1FF8C}.Release|Win32.Build.0 = Release|Win32
		{8E43BF43-C9B4-425E-8B3C-23066D57E6B0}.Debug|Win32.ActiveCfg = Debug|Win32
		{8E43BF43-C9B4-425E-8B3C-23066D57E6B0}.Debug|Win32.Build.0 = Debug|Win32
		{8E43BF43-C9B4-425E-8B3C-23066D57E6B0}.Release|Win32.ActiveCfg = Release|Win32
		{8E43BF43-C9B4-425E-8B3C-23066D57E6B0}.Release|Win32.Build.0 = Release|Win32
		{5F4701BC-D232-4CFD-BE64-4CF74C6E2C8B}.Debug|Win32.ActiveCfg = Debug|Win32
		{5F4701BC-D232-4CFD-BE64-4CF74C6E2C8B}.Debug|Win32.Build.0 = Debug|Win32
		{5F4701BC-D232-4CFD-BE64-4CF74C6E2C8B}.Release|Win32.ActiveCfg = Release|Win32
		{5F4701BC-D232-4CFD-BE64-4CF74C6E2C8B}.Release|Win32.Build.0 = Release|Win32
	EndGlobalSection
	GlobalSection(SolutionProperties) = preSolution
		HideSolutionNode = FALSE
	EndGlobalSection
	GlobalSection(SubversionScc) = preSolution
		Svn-Managed = True
		Manager = AnkhSVN - Subversion Support for Visual Studio
	EndGlobalSection
EndGlobal
