// !$*UTF8*$!
{
	archiveVersion = 1;
	classes = {
	};
	objectVersion = 42;
	objects = {

/* Begin PBXAggregateTarget section */
		434D8EDA125017D700018B6D /* CingSamples */ = {
			isa = PBXAggregateTarget;
			buildConfigurationList = 434D8EDF125017F500018B6D /* Build configuration list for PBXAggregateTarget "CingSamples" */;
			buildPhases = (
			);
			dependencies = (
				43ED71C41253FEBB00EC45D9 /* PBXTargetDependency */,
				43ED71C61253FEBB00EC45D9 /* PBXTargetDependency */,
				43ED71C81253FEBB00EC45D9 /* PBXTargetDependency */,
				43ED71CA1253FEBB00EC45D9 /* PBXTargetDependency */,
				43ED71CC1253FEBB00EC45D9 /* PBXTargetDependency */,
				43ED71CE1253FEBB00EC45D9 /* PBXTargetDependency */,
				43ED71D01253FEBB00EC45D9 /* PBXTargetDependency */,
				43ED71D21253FEBB00EC45D9 /* PBXTargetDependency */,
				43ED71D41253FEBB00EC45D9 /* PBXTargetDependency */,
				43ED71D61253FEBB00EC45D9 /* PBXTargetDependency */,
				43ED71D81253FEBB00EC45D9 /* PBXTargetDependency */,
			);
			name = CingSamples;
			productName = CingSamples;
		};
/* End PBXAggregateTarget section */

/* Begin PBXContainerItemProxy section */
		43ED715C1253FE5B00EC45D9 /* PBXContainerItemProxy */ = {
			isa = PBXContainerItemProxy;
			containerPortal = 43ED71521253FE5B00EC45D9 /* Shape_Primitives.xcodeproj */;
			proxyType = 2;
			remoteGlobalIDString = 431C349F124FFDC200494DD8;
			remoteInfo = Shape_Primitives;
		};
		43ED71661253FE6200EC45D9 /* PBXContainerItemProxy */ = {
			isa = PBXContainerItemProxy;
			containerPortal = 43ED715E1253FE6200EC45D9 /* Points_and_Lines.xcodeproj */;
			proxyType = 2;
			remoteGlobalIDString = 431C349F124FFDC200494DD8;
			remoteInfo = Points_and_Lines;
		};
		43ED71701253FE6800EC45D9 /* PBXContainerItemProxy */ = {
			isa = PBXContainerItemProxy;
			containerPortal = 43ED71681253FE6800EC45D9 /* Pixels.xcodeproj */;
			proxyType = 2;
			remoteGlobalIDString = 431C349F124FFDC200494DD8;
			remoteInfo = Pixels;
		};
		43ED717A1253FE7000EC45D9 /* PBXContainerItemProxy */ = {
			isa = PBXContainerItemProxy;
			containerPortal = 43ED71721253FE7000EC45D9 /* Pie_Chart.xcodeproj */;
			proxyType = 2;
			remoteGlobalIDString = 431C349F124FFDC200494DD8;
			remoteInfo = Pie_Chart;
		};
		43ED71841253FE7600EC45D9 /* PBXContainerItemProxy */ = {
			isa = PBXContainerItemProxy;
			containerPortal = 43ED717C1253FE7600EC45D9 /* Noise2D.xcodeproj */;
			proxyType = 2;
			remoteGlobalIDString = 431C349F124FFDC200494DD8;
			remoteInfo = Noise2D;
		};
		43ED718E1253FE7B00EC45D9 /* PBXContainerItemProxy */ = {
			isa = PBXContainerItemProxy;
			containerPortal = 43ED71861253FE7B00EC45D9 /* Mouse2D.xcodeproj */;
			proxyType = 2;
			remoteGlobalIDString = 431C349F124FFDC200494DD8;
			remoteInfo = Mouse2D;
		};
		43ED71981253FE8100EC45D9 /* PBXContainerItemProxy */ = {
			isa = PBXContainerItemProxy;
			containerPortal = 43ED71901253FE8100EC45D9 /* Iteration.xcodeproj */;
			proxyType = 2;
			remoteGlobalIDString = 431C349F124FFDC200494DD8;
			remoteInfo = Iteration;
		};
		43ED71A21253FE8700EC45D9 /* PBXContainerItemProxy */ = {
			isa = PBXContainerItemProxy;
			containerPortal = 43ED719A1253FE8700EC45D9 /* Inheritance.xcodeproj */;
			proxyType = 2;
			remoteGlobalIDString = 431C349F124FFDC200494DD8;
			remoteInfo = Inheritance;
		};
		43ED71AC1253FE8E00EC45D9 /* PBXContainerItemProxy */ = {
			isa = PBXContainerItemProxy;
			containerPortal = 43ED71A41253FE8D00EC45D9 /* Embedded_Iteration.xcodeproj */;
			proxyType = 2;
			remoteGlobalIDString = 431C349F124FFDC200494DD8;
			remoteInfo = Embedded_Iteration;
		};
		43ED71B61253FE9400EC45D9 /* PBXContainerItemProxy */ = {
			isa = PBXContainerItemProxy;
			containerPortal = 43ED71AE1253FE9300EC45D9 /* Distance_2D.xcodeproj */;
			proxyType = 2;
			remoteGlobalIDString = 431C349F124FFDC200494DD8;
			remoteInfo = Distance_2D;
		};
		43ED71C01253FE9C00EC45D9 /* PBXContainerItemProxy */ = {
			isa = PBXContainerItemProxy;
			containerPortal = 43ED71B81253FE9C00EC45D9 /* Conditionals_1.xcodeproj */;
			proxyType = 2;
			remoteGlobalIDString = 431C349F124FFDC200494DD8;
			remoteInfo = Conditionals_1;
		};
		43ED71C31253FEBB00EC45D9 /* PBXContainerItemProxy */ = {
			isa = PBXContainerItemProxy;
			containerPortal = 43ED71AE1253FE9300EC45D9 /* Distance_2D.xcodeproj */;
			proxyType = 1;
			remoteGlobalIDString = 431C349E124FFDC200494DD8;
			remoteInfo = Distance_2D;
		};
		43ED71C51253FEBB00EC45D9 /* PBXContainerItemProxy */ = {
			isa = PBXContainerItemProxy;
			containerPortal = 43ED715E1253FE6200EC45D9 /* Points_and_Lines.xcodeproj */;
			proxyType = 1;
			remoteGlobalIDString = 431C349E124FFDC200494DD8;
			remoteInfo = Points_and_Lines;
		};
		43ED71C71253FEBB00EC45D9 /* PBXContainerItemProxy */ = {
			isa = PBXContainerItemProxy;
			containerPortal = 43ED71861253FE7B00EC45D9 /* Mouse2D.xcodeproj */;
			proxyType = 1;
			remoteGlobalIDString = 431C349E124FFDC200494DD8;
			remoteInfo = Mouse2D;
		};
		43ED71C91253FEBB00EC45D9 /* PBXContainerItemProxy */ = {
			isa = PBXContainerItemProxy;
			containerPortal = 43ED71521253FE5B00EC45D9 /* Shape_Primitives.xcodeproj */;
			proxyType = 1;
			remoteGlobalIDString = 431C349E124FFDC200494DD8;
			remoteInfo = Shape_Primitives;
		};
		43ED71CB1253FEBB00EC45D9 /* PBXContainerItemProxy */ = {
			isa = PBXContainerItemProxy;
			containerPortal = 43ED71681253FE6800EC45D9 /* Pixels.xcodeproj */;
			proxyType = 1;
			remoteGlobalIDString = 431C349E124FFDC200494DD8;
			remoteInfo = Pixels;
		};
		43ED71CD1253FEBB00EC45D9 /* PBXContainerItemProxy */ = {
			isa = PBXContainerItemProxy;
			containerPortal = 43ED71A41253FE8D00EC45D9 /* Embedded_Iteration.xcodeproj */;
			proxyType = 1;
			remoteGlobalIDString = 431C349E124FFDC200494DD8;
			remoteInfo = Embedded_Iteration;
		};
		43ED71CF1253FEBB00EC45D9 /* PBXContainerItemProxy */ = {
			isa = PBXContainerItemProxy;
			containerPortal = 43ED71721253FE7000EC45D9 /* Pie_Chart.xcodeproj */;
			proxyType = 1;
			remoteGlobalIDString = 431C349E124FFDC200494DD8;
			remoteInfo = Pie_Chart;
		};
		43ED71D11253FEBB00EC45D9 /* PBXContainerItemProxy */ = {
			isa = PBXContainerItemProxy;
			containerPortal = 43ED71B81253FE9C00EC45D9 /* Conditionals_1.xcodeproj */;
			proxyType = 1;
			remoteGlobalIDString = 431C349E124FFDC200494DD8;
			remoteInfo = Conditionals_1;
		};
		43ED71D31253FEBB00EC45D9 /* PBXContainerItemProxy */ = {
			isa = PBXContainerItemProxy;
			containerPortal = 43ED71901253FE8100EC45D9 /* Iteration.xcodeproj */;
			proxyType = 1;
			remoteGlobalIDString = 431C349E124FFDC200494DD8;
			remoteInfo = Iteration;
		};
		43ED71D51253FEBB00EC45D9 /* PBXContainerItemProxy */ = {
			isa = PBXContainerItemProxy;
			containerPortal = 43ED717C1253FE7600EC45D9 /* Noise2D.xcodeproj */;
			proxyType = 1;
			remoteGlobalIDString = 431C349E124FFDC200494DD8;
			remoteInfo = Noise2D;
		};
		43ED71D71253FEBB00EC45D9 /* PBXContainerItemProxy */ = {
			isa = PBXContainerItemProxy;
			containerPortal = 43ED719A1253FE8700EC45D9 /* Inheritance.xcodeproj */;
			proxyType = 1;
			remoteGlobalIDString = 431C349E124FFDC200494DD8;
			remoteInfo = Inheritance;
		};
/* End PBXContainerItemProxy section */

/* Begin PBXFileReference section */
		43ED71521253FE5B00EC45D9 /* Shape_Primitives.xcodeproj */ = {isa = PBXFileReference; lastKnownFileType = "wrapper.pb-project"; name = Shape_Primitives.xcodeproj; path = "processing_projects/Shape Primitives/Shape_Primitives.xcodeproj"; sourceTree = "<group>"; };
		43ED715E1253FE6200EC45D9 /* Points_and_Lines.xcodeproj */ = {isa = PBXFileReference; lastKnownFileType = "wrapper.pb-project"; name = Points_and_Lines.xcodeproj; path = "processing_projects/Points and Lines/Points_and_Lines.xcodeproj"; sourceTree = "<group>"; };
		43ED71681253FE6800EC45D9 /* Pixels.xcodeproj */ = {isa = PBXFileReference; lastKnownFileType = "wrapper.pb-project"; name = Pixels.xcodeproj; path = processing_projects/Pixels/Pixels.xcodeproj; sourceTree = "<group>"; };
		43ED71721253FE7000EC45D9 /* Pie_Chart.xcodeproj */ = {isa = PBXFileReference; lastKnownFileType = "wrapper.pb-project"; name = Pie_Chart.xcodeproj; path = "processing_projects/Pie Chart/Pie_Chart.xcodeproj"; sourceTree = "<group>"; };
		43ED717C1253FE7600EC45D9 /* Noise2D.xcodeproj */ = {isa = PBXFileReference; lastKnownFileType = "wrapper.pb-project"; name = Noise2D.xcodeproj; path = processing_projects/Noise2D/Noise2D.xcodeproj; sourceTree = "<group>"; };
		43ED71861253FE7B00EC45D9 /* Mouse2D.xcodeproj */ = {isa = PBXFileReference; lastKnownFileType = "wrapper.pb-project"; name = Mouse2D.xcodeproj; path = processing_projects/Mouse2D/Mouse2D.xcodeproj; sourceTree = "<group>"; };
		43ED71901253FE8100EC45D9 /* Iteration.xcodeproj */ = {isa = PBXFileReference; lastKnownFileType = "wrapper.pb-project"; name = Iteration.xcodeproj; path = processing_projects/Iteration/Iteration.xcodeproj; sourceTree = "<group>"; };
		43ED719A1253FE8700EC45D9 /* Inheritance.xcodeproj */ = {isa = PBXFileReference; lastKnownFileType = "wrapper.pb-project"; name = Inheritance.xcodeproj; path = processing_projects/Inheritance/Inheritance.xcodeproj; sourceTree = "<group>"; };
		43ED71A41253FE8D00EC45D9 /* Embedded_Iteration.xcodeproj */ = {isa = PBXFileReference; lastKnownFileType = "wrapper.pb-project"; name = Embedded_Iteration.xcodeproj; path = "processing_projects/Embedded Iteration/Embedded_Iteration.xcodeproj"; sourceTree = "<group>"; };
		43ED71AE1253FE9300EC45D9 /* Distance_2D.xcodeproj */ = {isa = PBXFileReference; lastKnownFileType = "wrapper.pb-project"; name = Distance_2D.xcodeproj; path = "processing_projects/Distance 2D/Distance_2D.xcodeproj"; sourceTree = "<group>"; };
		43ED71B81253FE9C00EC45D9 /* Conditionals_1.xcodeproj */ = {isa = PBXFileReference; lastKnownFileType = "wrapper.pb-project"; name = Conditionals_1.xcodeproj; path = "processing_projects/Conditionals 1/Conditionals_1.xcodeproj"; sourceTree = "<group>"; };
/* End PBXFileReference section */

/* Begin PBXGroup section */
		43ED71531253FE5B00EC45D9 /* Products */ = {
			isa = PBXGroup;
			children = (
				43ED715D1253FE5B00EC45D9 /* Shape_Primitives.app */,
			);
			name = Products;
			sourceTree = "<group>";
		};
		43ED715F1253FE6200EC45D9 /* Products */ = {
			isa = PBXGroup;
			children = (
				43ED71671253FE6200EC45D9 /* Points_and_Lines.app */,
			);
			name = Products;
			sourceTree = "<group>";
		};
		43ED71691253FE6800EC45D9 /* Products */ = {
			isa = PBXGroup;
			children = (
				43ED71711253FE6800EC45D9 /* Pixels.app */,
			);
			name = Products;
			sourceTree = "<group>";
		};
		43ED71731253FE7000EC45D9 /* Products */ = {
			isa = PBXGroup;
			children = (
				43ED717B1253FE7000EC45D9 /* Pie_Chart.app */,
			);
			name = Products;
			sourceTree = "<group>";
		};
		43ED717D1253FE7600EC45D9 /* Products */ = {
			isa = PBXGroup;
			children = (
				43ED71851253FE7600EC45D9 /* Noise2D.app */,
			);
			name = Products;
			sourceTree = "<group>";
		};
		43ED71871253FE7B00EC45D9 /* Products */ = {
			isa = PBXGroup;
			children = (
				43ED718F1253FE7B00EC45D9 /* Mouse2D.app */,
			);
			name = Products;
			sourceTree = "<group>";
		};
		43ED71911253FE8100EC45D9 /* Products */ = {
			isa = PBXGroup;
			children = (
				43ED71991253FE8100EC45D9 /* Iteration.app */,
			);
			name = Products;
			sourceTree = "<group>";
		};
		43ED719B1253FE8700EC45D9 /* Products */ = {
			isa = PBXGroup;
			children = (
				43ED71A31253FE8700EC45D9 /* Inheritance.app */,
			);
			name = Products;
			sourceTree = "<group>";
		};
		43ED71A51253FE8D00EC45D9 /* Products */ = {
			isa = PBXGroup;
			children = (
				43ED71AD1253FE8E00EC45D9 /* Embedded_Iteration.app */,
			);
			name = Products;
			sourceTree = "<group>";
		};
		43ED71AF1253FE9300EC45D9 /* Products */ = {
			isa = PBXGroup;
			children = (
				43ED71B71253FE9400EC45D9 /* Distance_2D.app */,
			);
			name = Products;
			sourceTree = "<group>";
		};
		43ED71B91253FE9C00EC45D9 /* Products */ = {
			isa = PBXGroup;
			children = (
				43ED71C11253FE9C00EC45D9 /* Conditionals_1.app */,
			);
			name = Products;
			sourceTree = "<group>";
		};
		A909007412370A2B0040FA33 = {
			isa = PBXGroup;
			children = (
				43ED71B81253FE9C00EC45D9 /* Conditionals_1.xcodeproj */,
				43ED71AE1253FE9300EC45D9 /* Distance_2D.xcodeproj */,
				43ED71A41253FE8D00EC45D9 /* Embedded_Iteration.xcodeproj */,
				43ED719A1253FE8700EC45D9 /* Inheritance.xcodeproj */,
				43ED71901253FE8100EC45D9 /* Iteration.xcodeproj */,
				43ED71861253FE7B00EC45D9 /* Mouse2D.xcodeproj */,
				43ED717C1253FE7600EC45D9 /* Noise2D.xcodeproj */,
				43ED71721253FE7000EC45D9 /* Pie_Chart.xcodeproj */,
				43ED71681253FE6800EC45D9 /* Pixels.xcodeproj */,
				43ED715E1253FE6200EC45D9 /* Points_and_Lines.xcodeproj */,
				43ED71521253FE5B00EC45D9 /* Shape_Primitives.xcodeproj */,
			);
			sourceTree = "<group>";
		};
/* End PBXGroup section */

/* Begin PBXProject section */
		A909007612370A2B0040FA33 /* Project object */ = {
			isa = PBXProject;
			buildConfigurationList = A909007912370A2B0040FA33 /* Build configuration list for PBXProject "CingProcessingExamples" */;
			compatibilityVersion = "Xcode 2.4";
			hasScannedForEncodings = 0;
			knownRegions = (
				English,
				Japanese,
				French,
				German,
			);
			mainGroup = A909007412370A2B0040FA33;
			productRefGroup = A909007412370A2B0040FA33;
			projectDirPath = "";
			projectReferences = (
				{
					ProductGroup = 43ED71B91253FE9C00EC45D9 /* Products */;
					ProjectRef = 43ED71B81253FE9C00EC45D9 /* Conditionals_1.xcodeproj */;
				},
				{
					ProductGroup = 43ED71AF1253FE9300EC45D9 /* Products */;
					ProjectRef = 43ED71AE1253FE9300EC45D9 /* Distance_2D.xcodeproj */;
				},
				{
					ProductGroup = 43ED71A51253FE8D00EC45D9 /* Products */;
					ProjectRef = 43ED71A41253FE8D00EC45D9 /* Embedded_Iteration.xcodeproj */;
				},
				{
					ProductGroup = 43ED719B1253FE8700EC45D9 /* Products */;
					ProjectRef = 43ED719A1253FE8700EC45D9 /* Inheritance.xcodeproj */;
				},
				{
					ProductGroup = 43ED71911253FE8100EC45D9 /* Products */;
					ProjectRef = 43ED71901253FE8100EC45D9 /* Iteration.xcodeproj */;
				},
				{
					ProductGroup = 43ED71871253FE7B00EC45D9 /* Products */;
					ProjectRef = 43ED71861253FE7B00EC45D9 /* Mouse2D.xcodeproj */;
				},
				{
					ProductGroup = 43ED717D1253FE7600EC45D9 /* Products */;
					ProjectRef = 43ED717C1253FE7600EC45D9 /* Noise2D.xcodeproj */;
				},
				{
					ProductGroup = 43ED71731253FE7000EC45D9 /* Products */;
					ProjectRef = 43ED71721253FE7000EC45D9 /* Pie_Chart.xcodeproj */;
				},
				{
					ProductGroup = 43ED71691253FE6800EC45D9 /* Products */;
					ProjectRef = 43ED71681253FE6800EC45D9 /* Pixels.xcodeproj */;
				},
				{
					ProductGroup = 43ED715F1253FE6200EC45D9 /* Products */;
					ProjectRef = 43ED715E1253FE6200EC45D9 /* Points_and_Lines.xcodeproj */;
				},
				{
					ProductGroup = 43ED71531253FE5B00EC45D9 /* Products */;
					ProjectRef = 43ED71521253FE5B00EC45D9 /* Shape_Primitives.xcodeproj */;
				},
			);
			projectRoot = "";
			targets = (
				434D8EDA125017D700018B6D /* CingSamples */,
			);
		};
/* End PBXProject section */

/* Begin PBXReferenceProxy section */
		43ED715D1253FE5B00EC45D9 /* Shape_Primitives.app */ = {
			isa = PBXReferenceProxy;
			fileType = wrapper.application;
			path = Shape_Primitives.app;
			remoteRef = 43ED715C1253FE5B00EC45D9 /* PBXContainerItemProxy */;
			sourceTree = BUILT_PRODUCTS_DIR;
		};
		43ED71671253FE6200EC45D9 /* Points_and_Lines.app */ = {
			isa = PBXReferenceProxy;
			fileType = wrapper.application;
			path = Points_and_Lines.app;
			remoteRef = 43ED71661253FE6200EC45D9 /* PBXContainerItemProxy */;
			sourceTree = BUILT_PRODUCTS_DIR;
		};
		43ED71711253FE6800EC45D9 /* Pixels.app */ = {
			isa = PBXReferenceProxy;
			fileType = wrapper.application;
			path = Pixels.app;
			remoteRef = 43ED71701253FE6800EC45D9 /* PBXContainerItemProxy */;
			sourceTree = BUILT_PRODUCTS_DIR;
		};
		43ED717B1253FE7000EC45D9 /* Pie_Chart.app */ = {
			isa = PBXReferenceProxy;
			fileType = wrapper.application;
			path = Pie_Chart.app;
			remoteRef = 43ED717A1253FE7000EC45D9 /* PBXContainerItemProxy */;
			sourceTree = BUILT_PRODUCTS_DIR;
		};
		43ED71851253FE7600EC45D9 /* Noise2D.app */ = {
			isa = PBXReferenceProxy;
			fileType = wrapper.application;
			path = Noise2D.app;
			remoteRef = 43ED71841253FE7600EC45D9 /* PBXContainerItemProxy */;
			sourceTree = BUILT_PRODUCTS_DIR;
		};
		43ED718F1253FE7B00EC45D9 /* Mouse2D.app */ = {
			isa = PBXReferenceProxy;
			fileType = wrapper.application;
			path = Mouse2D.app;
			remoteRef = 43ED718E1253FE7B00EC45D9 /* PBXContainerItemProxy */;
			sourceTree = BUILT_PRODUCTS_DIR;
		};
		43ED71991253FE8100EC45D9 /* Iteration.app */ = {
			isa = PBXReferenceProxy;
			fileType = wrapper.application;
			path = Iteration.app;
			remoteRef = 43ED71981253FE8100EC45D9 /* PBXContainerItemProxy */;
			sourceTree = BUILT_PRODUCTS_DIR;
		};
		43ED71A31253FE8700EC45D9 /* Inheritance.app */ = {
			isa = PBXReferenceProxy;
			fileType = wrapper.application;
			path = Inheritance.app;
			remoteRef = 43ED71A21253FE8700EC45D9 /* PBXContainerItemProxy */;
			sourceTree = BUILT_PRODUCTS_DIR;
		};
		43ED71AD1253FE8E00EC45D9 /* Embedded_Iteration.app */ = {
			isa = PBXReferenceProxy;
			fileType = wrapper.application;
			path = Embedded_Iteration.app;
			remoteRef = 43ED71AC1253FE8E00EC45D9 /* PBXContainerItemProxy */;
			sourceTree = BUILT_PRODUCTS_DIR;
		};
		43ED71B71253FE9400EC45D9 /* Distance_2D.app */ = {
			isa = PBXReferenceProxy;
			fileType = wrapper.application;
			path = Distance_2D.app;
			remoteRef = 43ED71B61253FE9400EC45D9 /* PBXContainerItemProxy */;
			sourceTree = BUILT_PRODUCTS_DIR;
		};
		43ED71C11253FE9C00EC45D9 /* Conditionals_1.app */ = {
			isa = PBXReferenceProxy;
			fileType = wrapper.application;
			path = Conditionals_1.app;
			remoteRef = 43ED71C01253FE9C00EC45D9 /* PBXContainerItemProxy */;
			sourceTree = BUILT_PRODUCTS_DIR;
		};
/* End PBXReferenceProxy section */

/* Begin PBXTargetDependency section */
		43ED71C41253FEBB00EC45D9 /* PBXTargetDependency */ = {
			isa = PBXTargetDependency;
			name = Distance_2D;
			targetProxy = 43ED71C31253FEBB00EC45D9 /* PBXContainerItemProxy */;
		};
		43ED71C61253FEBB00EC45D9 /* PBXTargetDependency */ = {
			isa = PBXTargetDependency;
			name = Points_and_Lines;
			targetProxy = 43ED71C51253FEBB00EC45D9 /* PBXContainerItemProxy */;
		};
		43ED71C81253FEBB00EC45D9 /* PBXTargetDependency */ = {
			isa = PBXTargetDependency;
			name = Mouse2D;
			targetProxy = 43ED71C71253FEBB00EC45D9 /* PBXContainerItemProxy */;
		};
		43ED71CA1253FEBB00EC45D9 /* PBXTargetDependency */ = {
			isa = PBXTargetDependency;
			name = Shape_Primitives;
			targetProxy = 43ED71C91253FEBB00EC45D9 /* PBXContainerItemProxy */;
		};
		43ED71CC1253FEBB00EC45D9 /* PBXTargetDependency */ = {
			isa = PBXTargetDependency;
			name = Pixels;
			targetProxy = 43ED71CB1253FEBB00EC45D9 /* PBXContainerItemProxy */;
		};
		43ED71CE1253FEBB00EC45D9 /* PBXTargetDependency */ = {
			isa = PBXTargetDependency;
			name = Embedded_Iteration;
			targetProxy = 43ED71CD1253FEBB00EC45D9 /* PBXContainerItemProxy */;
		};
		43ED71D01253FEBB00EC45D9 /* PBXTargetDependency */ = {
			isa = PBXTargetDependency;
			name = Pie_Chart;
			targetProxy = 43ED71CF1253FEBB00EC45D9 /* PBXContainerItemProxy */;
		};
		43ED71D21253FEBB00EC45D9 /* PBXTargetDependency */ = {
			isa = PBXTargetDependency;
			name = Conditionals_1;
			targetProxy = 43ED71D11253FEBB00EC45D9 /* PBXContainerItemProxy */;
		};
		43ED71D41253FEBB00EC45D9 /* PBXTargetDependency */ = {
			isa = PBXTargetDependency;
			name = Iteration;
			targetProxy = 43ED71D31253FEBB00EC45D9 /* PBXContainerItemProxy */;
		};
		43ED71D61253FEBB00EC45D9 /* PBXTargetDependency */ = {
			isa = PBXTargetDependency;
			name = Noise2D;
			targetProxy = 43ED71D51253FEBB00EC45D9 /* PBXContainerItemProxy */;
		};
		43ED71D81253FEBB00EC45D9 /* PBXTargetDependency */ = {
			isa = PBXTargetDependency;
			name = Inheritance;
			targetProxy = 43ED71D71253FEBB00EC45D9 /* PBXContainerItemProxy */;
		};
/* End PBXTargetDependency section */

/* Begin XCBuildConfiguration section */
		434D8EDB125017D700018B6D /* Debug */ = {
			isa = XCBuildConfiguration;
			buildSettings = {
				COPY_PHASE_STRIP = NO;
				GCC_DYNAMIC_NO_PIC = NO;
				GCC_OPTIMIZATION_LEVEL = 0;
				PRODUCT_NAME = CingSamples;
			};
			name = Debug;
		};
		434D8EDC125017D700018B6D /* Release */ = {
			isa = XCBuildConfiguration;
			buildSettings = {
				COPY_PHASE_STRIP = YES;
				DEBUG_INFORMATION_FORMAT = "dwarf-with-dsym";
				GCC_ENABLE_FIX_AND_CONTINUE = NO;
				PRODUCT_NAME = CingSamples;
				ZERO_LINK = NO;
			};
			name = Release;
		};
		A909007712370A2B0040FA33 /* Debug */ = {
			isa = XCBuildConfiguration;
			buildSettings = {
				CING_HOME = cing/;
				CING_LIBRARIES = "$(CING_HOME)libraries/mac/xcode";
				COPY_PHASE_STRIP = NO;
				FRAMEWORK_SEARCH_PATHS = (
					"$(CING_LIBRARIES)/CEGUI/Frameworks",
					"$(CING_LIBRARIES)/Bullet/Frameworks",
					"$(CING_LIBRARIES)/Ogre3d/Frameworks",
				);
				HEADER_SEARCH_PATHS = (
					"$(CING_LIBRARIES)/Fmod/include",
					"$(CING_LIBRARIES)/OgreCCS/include",
					"$(CING_LIBRARIES)/OgreBullet/Dynamics/include",
					"$(CING_LIBRARIES)/OgreBullet/Collisions/include",
					"$(CING_LIBRARIES)/OpenCV/include",
					"$(CING_LIBRARIES)/Ogre3d/include/OIS",
					"$(CING_LIBRARIES)/Ogre3d/include",
					"$(CING_LIBRARIES)/Bullet/include",
					"$(CING_LIBRARIES)/CEGUI/Frameworks/CEGUIBase.framework/Headers",
					"$(CING_LIBRARIES)/CEGUI/Frameworks/CEGUIBase.framework/Headers/RendererModules/Ogre",
					"$(CING_LIBRARIES)",
					"$(CING_HOME)/src",
				);
				LIBRARY_SEARCH_PATHS = (
					"$(CING_LIBRARIES)/Fmod/lib",
					"$(CING_LIBRARIES)/OgreCCS/lib",
					"$(CING_LIBRARIES)/Bullet/lib",
					"$(CING_LIBRARIES)/OgreBullet/lib",
					"$(CING_LIBRARIES)/Ogre3d/lib/Release",
					"$(CING_LIBRARIES)/Ogre3d/lib",
					"$(CING_LIBRARIES)/TinyXML/lib",
					"$(CING_LIBRARIES)/PTypes/lib",
					"$(CING_LIBRARIES)/OpenCV/lib",
				);
				OTHER_LDFLAGS = (
					"-lCCS",
					"-lOIS",
					"-ltinyxml",
					"-lptypes",
					"-lLinearMath",
					"-lConvexDecomposition",
					"-lBulletSoftBody",
					"-lBulletDynamics",
					"-lBulletCollision",
				);
				SDKROOT = "$(DEVELOPER_SDK_DIR)/MacOSX10.6.sdk";
				VALID_ARCHS = i386;
			};
			name = Debug;
		};
		A909007812370A2B0040FA33 /* Release */ = {
			isa = XCBuildConfiguration;
			buildSettings = {
				CING_HOME = cing/;
				CING_LIBRARIES = "$(CING_HOME)libraries/mac/xcode";
				COPY_PHASE_STRIP = YES;
				FRAMEWORK_SEARCH_PATHS = (
					"$(CING_LIBRARIES)/CEGUI/Frameworks",
					"$(CING_LIBRARIES)/Bullet/Frameworks",
					"$(CING_LIBRARIES)/Ogre3d/Frameworks",
				);
				HEADER_SEARCH_PATHS = (
					"$(CING_LIBRARIES)/Fmod/include",
					"$(CING_LIBRARIES)/OgreCCS/include",
					"$(CING_LIBRARIES)/OgreBullet/Dynamics/include",
					"$(CING_LIBRARIES)/OgreBullet/Collisions/include",
					"$(CING_LIBRARIES)/OpenCV/include",
					"$(CING_LIBRARIES)/Ogre3d/include/OIS",
					"$(CING_LIBRARIES)/Ogre3d/include",
					"$(CING_LIBRARIES)/Bullet/include",
					"$(CING_LIBRARIES)/CEGUI/Frameworks/CEGUIBase.framework/Headers",
					"$(CING_LIBRARIES)/CEGUI/Frameworks/CEGUIBase.framework/Headers/RendererModules/Ogre",
					"$(CING_LIBRARIES)",
					"$(CING_HOME)/src",
				);
				LIBRARY_SEARCH_PATHS = (
					"$(CING_LIBRARIES)/Fmod/lib",
					"$(CING_LIBRARIES)/OgreCCS/lib",
					"$(CING_LIBRARIES)/Bullet/lib",
					"$(CING_LIBRARIES)/OgreBullet/lib",
					"$(CING_LIBRARIES)/Ogre3d/lib/Release",
					"$(CING_LIBRARIES)/Ogre3d/lib",
					"$(CING_LIBRARIES)/TinyXML/lib",
					"$(CING_LIBRARIES)/PTypes/lib",
					"$(CING_LIBRARIES)/OpenCV/lib",
				);
				OTHER_LDFLAGS = (
					"-lCCS",
					"-lOIS",
					"-ltinyxml",
					"-lptypes",
					"-lLinearMath",
					"-lConvexDecomposition",
					"-lBulletSoftBody",
					"-lBulletDynamics",
					"-lBulletCollision",
				);
				SDKROOT = "$(DEVELOPER_SDK_DIR)/MacOSX10.6.sdk";
				VALID_ARCHS = i386;
			};
			name = Release;
		};
/* End XCBuildConfiguration section */

/* Begin XCConfigurationList section */
		434D8EDF125017F500018B6D /* Build configuration list for PBXAggregateTarget "CingSamples" */ = {
			isa = XCConfigurationList;
			buildConfigurations = (
				434D8EDB125017D700018B6D /* Debug */,
				434D8EDC125017D700018B6D /* Release */,
			);
			defaultConfigurationIsVisible = 0;
			defaultConfigurationName = Release;
		};
		A909007912370A2B0040FA33 /* Build configuration list for PBXProject "CingProcessingExamples" */ = {
			isa = XCConfigurationList;
			buildConfigurations = (
				A909007712370A2B0040FA33 /* Debug */,
				A909007812370A2B0040FA33 /* Release */,
			);
			defaultConfigurationIsVisible = 0;
			defaultConfigurationName = Release;
		};
/* End XCConfigurationList section */
	};
	rootObject = A909007612370A2B0040FA33 /* Project object */;
}
