Microsoft Visual Studio Solution File, Format Version 12.00
# Visual Studio Express 2012 for Windows Desktop
Project("{8BC9CEB8-8B4A-11D0-8D11-00A0C91BC942}") = "Advanced_3dDrawing", "..\Advanced_3dDrawing\vs2012\Advanced_3dDrawing.vcxproj", "{A014A615-8C97-4305-A96E-983BCABFE863}"
	ProjectSection(ProjectDependencies) = postProject
		{FE179849-DD52-473E-BE15-5A5E52BFFF1F} = {FE179849-DD52-473E-BE15-5A5E52BFFF1F}
	EndProjectSection
EndProject
Project("{8BC9CEB8-8B4A-11D0-8D11-00A0C91BC942}") = "_Cing", "..\..\cing\build\win\vs2012\Cing\Cing.vcxproj", "{FE179849-DD52-473E-BE15-5A5E52BFFF1F}"
EndProject
Project("{8BC9CEB8-8B4A-11D0-8D11-00A0C91BC942}") = "Advanced_BackgroundSubtraction", "..\Advanced_BackgroundSubtraction\vs2012\Advanced_BackgroundSubtraction.vcxproj", "{A39C78AF-F8B9-4E0E-8653-D78DF093E41E}"
EndProject
Project("{8BC9CEB8-8B4A-11D0-8D11-00A0C91BC942}") = "Advanced_BlobDetection", "..\Advanced_BlobDetection\vs2012\Advanced_BlobDetection.vcxproj", "{63F64366-8F87-4728-8C28-75F6DC311291}"
EndProject
Project("{8BC9CEB8-8B4A-11D0-8D11-00A0C91BC942}") = "Advanced_Physics", "..\Advanced_Physics\vs2012\Advanced_Physics.vcxproj", "{6C638EF5-3382-4ADD-9D51-192E52703211}"
EndProject
Project("{8BC9CEB8-8B4A-11D0-8D11-00A0C91BC942}") = "Advanced_SceneGraph", "..\Advanced_SceneGraph\vs2012\Advanced_SceneGraph.vcxproj", "{D7AD3008-68B1-4383-8B2C-76FCDD72501F}"
EndProject
Project("{8BC9CEB8-8B4A-11D0-8D11-00A0C91BC942}") = "Advanced_Shadows", "..\Advanced_Shadows\vs2012\Advanced_Shadows.vcxproj", "{AA863A62-D3CA-4484-B222-52A8623739F3}"
EndProject
Project("{8BC9CEB8-8B4A-11D0-8D11-00A0C91BC942}") = "Simple_BasicApplication", "..\Simple_BasicApplication\vs2012\Simple_BasicApplication.vcxproj", "{3FA9B1E0-D56E-4C46-A063-FAE8250995D7}"
EndProject
Project("{8BC9CEB8-8B4A-11D0-8D11-00A0C91BC942}") = "Simple_CameraInputAndFilters", "..\Simple_CameraInputAndFilters\vs2012\Simple_CameraInputAndFilters.vcxproj", "{9C85F056-E0AC-46D8-A228-6D95A7D4D27D}"
EndProject
Project("{8BC9CEB8-8B4A-11D0-8D11-00A0C91BC942}") = "Simple_DrawingAndTransformations", "..\Simple_DrawingAndTransformations\vs2012\Simple_DrawingAndTransformations.vcxproj", "{FEBECA4A-F312-44B2-8F06-A9BDF18F3D78}"
EndProject
Project("{8BC9CEB8-8B4A-11D0-8D11-00A0C91BC942}") = "Simple_Fonts", "..\Simple_Fonts\vs2012\Simple_Fonts.vcxproj", "{13AD480A-0D51-4B65-995C-24D44AB61FB4}"
EndProject
Project("{8BC9CEB8-8B4A-11D0-8D11-00A0C91BC942}") = "Simple_LoadingAndDrawingInImages", "..\Simple_LoadingAndDrawingInImages\vs2012\Simple_LoadingAndDrawingInImages.vcxproj", "{29079109-39EF-41B5-861D-692F2EF554C6}"
EndProject
Project("{8BC9CEB8-8B4A-11D0-8D11-00A0C91BC942}") = "Simple_LoadingXML", "..\Simple_LoadingXML\vs2012\Simple_LoadingXML.vcxproj", "{772981A9-29E4-4E3A-A9D4-0225942D946E}"
EndProject
Project("{8BC9CEB8-8B4A-11D0-8D11-00A0C91BC942}") = "Simple_MicInput", "..\Simple_MicInput\vs2012\Simple_MicInput.vcxproj", "{86C7E8D3-237F-4CEF-8D30-4A5B8369592D}"
EndProject
Project("{8BC9CEB8-8B4A-11D0-8D11-00A0C91BC942}") = "Simple_PlayingSounds", "..\Simple_PlayingSounds\vs2012\Simple_PlayingSounds.vcxproj", "{15ADA377-0E5C-48CA-8D16-99ECF9853C2D}"
EndProject
Project("{8BC9CEB8-8B4A-11D0-8D11-00A0C91BC942}") = "Simple_PlayingVideos", "..\Simple_PlayingVideos\vs2012\Simple_PlayingVideos.vcxproj", "{DC3A006E-396A-400D-8892-FF5451D7D216}"
EndProject
Project("{8BC9CEB8-8B4A-11D0-8D11-00A0C91BC942}") = "Simple_Strings", "..\Simple_Strings\vs2012\Simple_Strings.vcxproj", "{F29536D7-2DBF-4A50-8EB7-A04A88EFE244}"
EndProject
Project("{8BC9CEB8-8B4A-11D0-8D11-00A0C91BC942}") = "Advanced_QTDialog", "..\Advanced_QTDialog\vs2012\Advanced_QTDialog.vcxproj", "{1DF81B5A-0F2A-4AF7-9E85-03AEBE14A868}"
EndProject
Global
	GlobalSection(SolutionConfigurationPlatforms) = preSolution
		Debug|Win32 = Debug|Win32
		Release|Win32 = Release|Win32
	EndGlobalSection
	GlobalSection(ProjectConfigurationPlatforms) = postSolution
		{A014A615-8C97-4305-A96E-983BCABFE863}.Debug|Win32.ActiveCfg = Debug|Win32
		{A014A615-8C97-4305-A96E-983BCABFE863}.Debug|Win32.Build.0 = Debug|Win32
		{A014A615-8C97-4305-A96E-983BCABFE863}.Release|Win32.ActiveCfg = Release|Win32
		{A014A615-8C97-4305-A96E-983BCABFE863}.Release|Win32.Build.0 = Release|Win32
		{FE179849-DD52-473E-BE15-5A5E52BFFF1F}.Debug|Win32.ActiveCfg = Debug|Win32
		{FE179849-DD52-473E-BE15-5A5E52BFFF1F}.Debug|Win32.Build.0 = Debug|Win32
		{FE179849-DD52-473E-BE15-5A5E52BFFF1F}.Release|Win32.ActiveCfg = Release|Win32
		{FE179849-DD52-473E-BE15-5A5E52BFFF1F}.Release|Win32.Build.0 = Release|Win32
		{A39C78AF-F8B9-4E0E-8653-D78DF093E41E}.Debug|Win32.ActiveCfg = Debug|Win32
		{A39C78AF-F8B9-4E0E-8653-D78DF093E41E}.Debug|Win32.Build.0 = Debug|Win32
		{A39C78AF-F8B9-4E0E-8653-D78DF093E41E}.Release|Win32.ActiveCfg = Release|Win32
		{A39C78AF-F8B9-4E0E-8653-D78DF093E41E}.Release|Win32.Build.0 = Release|Win32
		{63F64366-8F87-4728-8C28-75F6DC311291}.Debug|Win32.ActiveCfg = Debug|Win32
		{63F64366-8F87-4728-8C28-75F6DC311291}.Debug|Win32.Build.0 = Debug|Win32
		{63F64366-8F87-4728-8C28-75F6DC311291}.Release|Win32.ActiveCfg = Release|Win32
		{63F64366-8F87-4728-8C28-75F6DC311291}.Release|Win32.Build.0 = Release|Win32
		{6C638EF5-3382-4ADD-9D51-192E52703211}.Debug|Win32.ActiveCfg = Debug|Win32
		{6C638EF5-3382-4ADD-9D51-192E52703211}.Debug|Win32.Build.0 = Debug|Win32
		{6C638EF5-3382-4ADD-9D51-192E52703211}.Release|Win32.ActiveCfg = Release|Win32
		{6C638EF5-3382-4ADD-9D51-192E52703211}.Release|Win32.Build.0 = Release|Win32
		{D7AD3008-68B1-4383-8B2C-76FCDD72501F}.Debug|Win32.ActiveCfg = Debug|Win32
		{D7AD3008-68B1-4383-8B2C-76FCDD72501F}.Debug|Win32.Build.0 = Debug|Win32
		{D7AD3008-68B1-4383-8B2C-76FCDD72501F}.Release|Win32.ActiveCfg = Release|Win32
		{D7AD3008-68B1-4383-8B2C-76FCDD72501F}.Release|Win32.Build.0 = Release|Win32
		{AA863A62-D3CA-4484-B222-52A8623739F3}.Debug|Win32.ActiveCfg = Debug|Win32
		{AA863A62-D3CA-4484-B222-52A8623739F3}.Debug|Win32.Build.0 = Debug|Win32
		{AA863A62-D3CA-4484-B222-52A8623739F3}.Release|Win32.ActiveCfg = Release|Win32
		{AA863A62-D3CA-4484-B222-52A8623739F3}.Release|Win32.Build.0 = Release|Win32
		{3FA9B1E0-D56E-4C46-A063-FAE8250995D7}.Debug|Win32.ActiveCfg = Debug|Win32
		{3FA9B1E0-D56E-4C46-A063-FAE8250995D7}.Debug|Win32.Build.0 = Debug|Win32
		{3FA9B1E0-D56E-4C46-A063-FAE8250995D7}.Release|Win32.ActiveCfg = Release|Win32
		{3FA9B1E0-D56E-4C46-A063-FAE8250995D7}.Release|Win32.Build.0 = Release|Win32
		{9C85F056-E0AC-46D8-A228-6D95A7D4D27D}.Debug|Win32.ActiveCfg = Debug|Win32
		{9C85F056-E0AC-46D8-A228-6D95A7D4D27D}.Debug|Win32.Build.0 = Debug|Win32
		{9C85F056-E0AC-46D8-A228-6D95A7D4D27D}.Release|Win32.ActiveCfg = Release|Win32
		{9C85F056-E0AC-46D8-A228-6D95A7D4D27D}.Release|Win32.Build.0 = Release|Win32
		{FEBECA4A-F312-44B2-8F06-A9BDF18F3D78}.Debug|Win32.ActiveCfg = Debug|Win32
		{FEBECA4A-F312-44B2-8F06-A9BDF18F3D78}.Debug|Win32.Build.0 = Debug|Win32
		{FEBECA4A-F312-44B2-8F06-A9BDF18F3D78}.Release|Win32.ActiveCfg = Release|Win32
		{FEBECA4A-F312-44B2-8F06-A9BDF18F3D78}.Release|Win32.Build.0 = Release|Win32
		{13AD480A-0D51-4B65-995C-24D44AB61FB4}.Debug|Win32.ActiveCfg = Debug|Win32
		{13AD480A-0D51-4B65-995C-24D44AB61FB4}.Debug|Win32.Build.0 = Debug|Win32
		{13AD480A-0D51-4B65-995C-24D44AB61FB4}.Release|Win32.ActiveCfg = Release|Win32
		{13AD480A-0D51-4B65-995C-24D44AB61FB4}.Release|Win32.Build.0 = Release|Win32
		{29079109-39EF-41B5-861D-692F2EF554C6}.Debug|Win32.ActiveCfg = Debug|Win32
		{29079109-39EF-41B5-861D-692F2EF554C6}.Debug|Win32.Build.0 = Debug|Win32
		{29079109-39EF-41B5-861D-692F2EF554C6}.Release|Win32.ActiveCfg = Release|Win32
		{29079109-39EF-41B5-861D-692F2EF554C6}.Release|Win32.Build.0 = Release|Win32
		{772981A9-29E4-4E3A-A9D4-0225942D946E}.Debug|Win32.ActiveCfg = Debug|Win32
		{772981A9-29E4-4E3A-A9D4-0225942D946E}.Debug|Win32.Build.0 = Debug|Win32
		{772981A9-29E4-4E3A-A9D4-0225942D946E}.Release|Win32.ActiveCfg = Release|Win32
		{772981A9-29E4-4E3A-A9D4-0225942D946E}.Release|Win32.Build.0 = Release|Win32
		{86C7E8D3-237F-4CEF-8D30-4A5B8369592D}.Debug|Win32.ActiveCfg = Debug|Win32
		{86C7E8D3-237F-4CEF-8D30-4A5B8369592D}.Debug|Win32.Build.0 = Debug|Win32
		{86C7E8D3-237F-4CEF-8D30-4A5B8369592D}.Release|Win32.ActiveCfg = Release|Win32
		{86C7E8D3-237F-4CEF-8D30-4A5B8369592D}.Release|Win32.Build.0 = Release|Win32
		{15ADA377-0E5C-48CA-8D16-99ECF9853C2D}.Debug|Win32.ActiveCfg = Debug|Win32
		{15ADA377-0E5C-48CA-8D16-99ECF9853C2D}.Debug|Win32.Build.0 = Debug|Win32
		{15ADA377-0E5C-48CA-8D16-99ECF9853C2D}.Release|Win32.ActiveCfg = Release|Win32
		{15ADA377-0E5C-48CA-8D16-99ECF9853C2D}.Release|Win32.Build.0 = Release|Win32
		{DC3A006E-396A-400D-8892-FF5451D7D216}.Debug|Win32.ActiveCfg = Debug|Win32
		{DC3A006E-396A-400D-8892-FF5451D7D216}.Debug|Win32.Build.0 = Debug|Win32
		{DC3A006E-396A-400D-8892-FF5451D7D216}.Release|Win32.ActiveCfg = Release|Win32
		{DC3A006E-396A-400D-8892-FF5451D7D216}.Release|Win32.Build.0 = Release|Win32
		{F29536D7-2DBF-4A50-8EB7-A04A88EFE244}.Debug|Win32.ActiveCfg = Debug|Win32
		{F29536D7-2DBF-4A50-8EB7-A04A88EFE244}.Debug|Win32.Build.0 = Debug|Win32
		{F29536D7-2DBF-4A50-8EB7-A04A88EFE244}.Release|Win32.ActiveCfg = Release|Win32
		{F29536D7-2DBF-4A50-8EB7-A04A88EFE244}.Release|Win32.Build.0 = Release|Win32
		{1DF81B5A-0F2A-4AF7-9E85-03AEBE14A868}.Debug|Win32.ActiveCfg = Debug|Win32
		{1DF81B5A-0F2A-4AF7-9E85-03AEBE14A868}.Debug|Win32.Build.0 = Debug|Win32
		{1DF81B5A-0F2A-4AF7-9E85-03AEBE14A868}.Release|Win32.ActiveCfg = Release|Win32
		{1DF81B5A-0F2A-4AF7-9E85-03AEBE14A868}.Release|Win32.Build.0 = Release|Win32
	EndGlobalSection
	GlobalSection(SolutionProperties) = preSolution
		HideSolutionNode = FALSE
	EndGlobalSection
	GlobalSection(SubversionScc) = preSolution
		Svn-Managed = True
		Manager = AnkhSVN - Subversion Support for Visual Studio
	EndGlobalSection
EndGlobal
