// !$*UTF8*$!
{
	archiveVersion = 1;
	classes = {
	};
	objectVersion = 42;
	objects = {

/* Begin PBXAggregateTarget section */
		434D8EDA125017D700018B6D /* CingSamples */ = {
			isa = PBXAggregateTarget;
			buildConfigurationList = 434D8EDF125017F500018B6D /* Build configuration list for PBXAggregateTarget "CingSamples" */;
			buildPhases = (
			);
			dependencies = (
				434D8EE1125018D900018B6D /* PBXTargetDependency */,
				43A09A0D1251544900B7DE8C /* PBXTargetDependency */,
				43A09A0F1251544900B7DE8C /* PBXTargetDependency */,
				43A09A111251544900B7DE8C /* PBXTargetDependency */,
				43A09A131251544900B7DE8C /* PBXTargetDependency */,
				43A09A151251544900B7DE8C /* PBXTargetDependency */,
				43A09A171251544900B7DE8C /* PBXTargetDependency */,
				43A09A191251544900B7DE8C /* PBXTargetDependency */,
				43A09A1B1251544900B7DE8C /* PBXTargetDependency */,
				43A09A1D1251544900B7DE8C /* PBXTargetDependency */,
				43A09A1F1251544900B7DE8C /* PBXTargetDependency */,
				43A09A211251544900B7DE8C /* PBXTargetDependency */,
				43A09A231251544900B7DE8C /* PBXTargetDependency */,
				43A09A251251544900B7DE8C /* PBXTargetDependency */,
				43A09A271251544900B7DE8C /* PBXTargetDependency */,
			);
			name = CingSamples;
			productName = CingSamples;
		};
/* End PBXAggregateTarget section */

/* Begin PBXContainerItemProxy section */
		434D8ED7125017A700018B6D /* PBXContainerItemProxy */ = {
			isa = PBXContainerItemProxy;
			containerPortal = 434D8ECB125017A600018B6D /* Simple_BasicApplication.xcodeproj */;
			proxyType = 2;
			remoteGlobalIDString = 431C349F124FFDC200494DD8;
			remoteInfo = Simple_BasicApplication;
		};
		434D8EE0125018D900018B6D /* PBXContainerItemProxy */ = {
			isa = PBXContainerItemProxy;
			containerPortal = 434D8ECB125017A600018B6D /* Simple_BasicApplication.xcodeproj */;
			proxyType = 1;
			remoteGlobalIDString = 431C349E124FFDC200494DD8;
			remoteInfo = Simple_BasicApplication;
		};
		43A099801251533500B7DE8C /* PBXContainerItemProxy */ = {
			isa = PBXContainerItemProxy;
			containerPortal = 43A099781251533400B7DE8C /* Simple_CameraInputAndFilters.xcodeproj */;
			proxyType = 2;
			remoteGlobalIDString = 431C349F124FFDC200494DD8 /* Simple_CameraInputAndFilters.app */;
			remoteInfo = Simple_CameraInputAndFilters;
		};
		43A0998B1251534400B7DE8C /* PBXContainerItemProxy */ = {
			isa = PBXContainerItemProxy;
			containerPortal = 43A099831251534400B7DE8C /* Simple_DrawingAndTransformations.xcodeproj */;
			proxyType = 2;
			remoteGlobalIDString = 431C349F124FFDC200494DD8 /* Simple_DrawingAndTransformations.app */;
			remoteInfo = Simple_DrawingAndTransformations;
		};
		43A099971251539F00B7DE8C /* PBXContainerItemProxy */ = {
			isa = PBXContainerItemProxy;
			containerPortal = 43A0998F1251539F00B7DE8C /* Simple_Fonts.xcodeproj */;
			proxyType = 2;
			remoteGlobalIDString = 431C349F124FFDC200494DD8 /* Simple_Fonts.app */;
			remoteInfo = Simple_Fonts;
		};
		43A099A1125153A500B7DE8C /* PBXContainerItemProxy */ = {
			isa = PBXContainerItemProxy;
			containerPortal = 43A09999125153A400B7DE8C /* Simple_LoadingAndDrawingInImages.xcodeproj */;
			proxyType = 2;
			remoteGlobalIDString = 431C349F124FFDC200494DD8 /* Simple_LoadingAndDrawingInImages.app */;
			remoteInfo = Simple_LoadingAndDrawingInImages;
		};
		43A099AC125153A900B7DE8C /* PBXContainerItemProxy */ = {
			isa = PBXContainerItemProxy;
			containerPortal = 43A099A3125153A800B7DE8C /* Simple_LoadingXML.xcodeproj */;
			proxyType = 2;
			remoteGlobalIDString = 431C349F124FFDC200494DD8 /* Simple_LoadingXML.app */;
			remoteInfo = Simple_LoadingXML;
		};
		43A099B6125153B000B7DE8C /* PBXContainerItemProxy */ = {
			isa = PBXContainerItemProxy;
			containerPortal = 43A099AE125153AF00B7DE8C /* Simple_MicInput.xcodeproj */;
			proxyType = 2;
			remoteGlobalIDString = 431C349F124FFDC200494DD8 /* Simple_MicInput.app */;
			remoteInfo = Simple_MicInput;
		};
		43A099C0125153B600B7DE8C /* PBXContainerItemProxy */ = {
			isa = PBXContainerItemProxy;
			containerPortal = 43A099B8125153B600B7DE8C /* Simple_PlayingSounds.xcodeproj */;
			proxyType = 2;
			remoteGlobalIDString = 431C349F124FFDC200494DD8 /* Simple_PlayingSounds.app */;
			remoteInfo = Simple_PlayingSounds;
		};
		43A099CB125153BC00B7DE8C /* PBXContainerItemProxy */ = {
			isa = PBXContainerItemProxy;
			containerPortal = 43A099C2125153BC00B7DE8C /* Simple_PlayingVideos.xcodeproj */;
			proxyType = 2;
			remoteGlobalIDString = 431C349F124FFDC200494DD8 /* Simple_PlayingVideos.app */;
			remoteInfo = Simple_PlayingVideos;
		};
		43A099D6125153C400B7DE8C /* PBXContainerItemProxy */ = {
			isa = PBXContainerItemProxy;
			containerPortal = 43A099CD125153C400B7DE8C /* Simple_Strings.xcodeproj */;
			proxyType = 2;
			remoteGlobalIDString = 431C349F124FFDC200494DD8 /* Simple_Strings.app */;
			remoteInfo = Simple_Strings;
		};
		43A099E0125153CD00B7DE8C /* PBXContainerItemProxy */ = {
			isa = PBXContainerItemProxy;
			containerPortal = 43A099D8125153CD00B7DE8C /* Advanced_3dDrawing.xcodeproj */;
			proxyType = 2;
			remoteGlobalIDString = 431C349F124FFDC200494DD8 /* Advanced_3dDrawing.app */;
			remoteInfo = Advanced_3dDrawing;
		};
		43A099EA125153D300B7DE8C /* PBXContainerItemProxy */ = {
			isa = PBXContainerItemProxy;
			containerPortal = 43A099E2125153D300B7DE8C /* Advanced_BackgroundSubtraction.xcodeproj */;
			proxyType = 2;
			remoteGlobalIDString = 431C349F124FFDC200494DD8 /* Advanced_BackgroundSubtraction.app */;
			remoteInfo = Advanced_BackgroundSubtraction;
		};
		43A099F4125153D800B7DE8C /* PBXContainerItemProxy */ = {
			isa = PBXContainerItemProxy;
			containerPortal = 43A099EC125153D700B7DE8C /* Advanced_BlobDetection.xcodeproj */;
			proxyType = 2;
			remoteGlobalIDString = 431C349F124FFDC200494DD8 /* Advanced_BlobDetection.app */;
			remoteInfo = Advanced_BlobDetection;
		};
		43A099FE125153DC00B7DE8C /* PBXContainerItemProxy */ = {
			isa = PBXContainerItemProxy;
			containerPortal = 43A099F6125153DC00B7DE8C /* Advanced_Physics.xcodeproj */;
			proxyType = 2;
			remoteGlobalIDString = 431C349F124FFDC200494DD8 /* Advanced_Physics.app */;
			remoteInfo = Advanced_Physics;
		};
		43A09A08125153E100B7DE8C /* PBXContainerItemProxy */ = {
			isa = PBXContainerItemProxy;
			containerPortal = 43A09A00125153E100B7DE8C /* Advanced_SceneGraph.xcodeproj */;
			proxyType = 2;
			remoteGlobalIDString = 431C349F124FFDC200494DD8 /* Advanced_SceneGraph.app */;
			remoteInfo = Advanced_SceneGraph;
		};
		43A09A0C1251544900B7DE8C /* PBXContainerItemProxy */ = {
			isa = PBXContainerItemProxy;
			containerPortal = 43A099E2125153D300B7DE8C /* Advanced_BackgroundSubtraction.xcodeproj */;
			proxyType = 1;
			remoteGlobalIDString = 431C349E124FFDC200494DD8 /* Advanced_BackgroundSubtraction */;
			remoteInfo = Advanced_BackgroundSubtraction;
		};
		43A09A0E1251544900B7DE8C /* PBXContainerItemProxy */ = {
			isa = PBXContainerItemProxy;
			containerPortal = 43A099AE125153AF00B7DE8C /* Simple_MicInput.xcodeproj */;
			proxyType = 1;
			remoteGlobalIDString = 431C349E124FFDC200494DD8 /* Simple_MicInput */;
			remoteInfo = Simple_MicInput;
		};
		43A09A101251544900B7DE8C /* PBXContainerItemProxy */ = {
			isa = PBXContainerItemProxy;
			containerPortal = 43A099EC125153D700B7DE8C /* Advanced_BlobDetection.xcodeproj */;
			proxyType = 1;
			remoteGlobalIDString = 431C349E124FFDC200494DD8 /* Advanced_BlobDetection */;
			remoteInfo = Advanced_BlobDetection;
		};
		43A09A121251544900B7DE8C /* PBXContainerItemProxy */ = {
			isa = PBXContainerItemProxy;
			containerPortal = 43A099C2125153BC00B7DE8C /* Simple_PlayingVideos.xcodeproj */;
			proxyType = 1;
			remoteGlobalIDString = 431C349E124FFDC200494DD8 /* Simple_PlayingVideos */;
			remoteInfo = Simple_PlayingVideos;
		};
		43A09A141251544900B7DE8C /* PBXContainerItemProxy */ = {
			isa = PBXContainerItemProxy;
			containerPortal = 43A099B8125153B600B7DE8C /* Simple_PlayingSounds.xcodeproj */;
			proxyType = 1;
			remoteGlobalIDString = 431C349E124FFDC200494DD8 /* Simple_PlayingSounds */;
			remoteInfo = Simple_PlayingSounds;
		};
		43A09A161251544900B7DE8C /* PBXContainerItemProxy */ = {
			isa = PBXContainerItemProxy;
			containerPortal = 43A099F6125153DC00B7DE8C /* Advanced_Physics.xcodeproj */;
			proxyType = 1;
			remoteGlobalIDString = 431C349E124FFDC200494DD8 /* Advanced_Physics */;
			remoteInfo = Advanced_Physics;
		};
		43A09A181251544900B7DE8C /* PBXContainerItemProxy */ = {
			isa = PBXContainerItemProxy;
			containerPortal = 43A099831251534400B7DE8C /* Simple_DrawingAndTransformations.xcodeproj */;
			proxyType = 1;
			remoteGlobalIDString = 431C349E124FFDC200494DD8 /* Simple_DrawingAndTransformations */;
			remoteInfo = Simple_DrawingAndTransformations;
		};
		43A09A1A1251544900B7DE8C /* PBXContainerItemProxy */ = {
			isa = PBXContainerItemProxy;
			containerPortal = 43A099CD125153C400B7DE8C /* Simple_Strings.xcodeproj */;
			proxyType = 1;
			remoteGlobalIDString = 431C349E124FFDC200494DD8 /* Simple_Strings */;
			remoteInfo = Simple_Strings;
		};
		43A09A1C1251544900B7DE8C /* PBXContainerItemProxy */ = {
			isa = PBXContainerItemProxy;
			containerPortal = 43A099781251533400B7DE8C /* Simple_CameraInputAndFilters.xcodeproj */;
			proxyType = 1;
			remoteGlobalIDString = 431C349E124FFDC200494DD8 /* Simple_CameraInputAndFilters */;
			remoteInfo = Simple_CameraInputAndFilters;
		};
		43A09A1E1251544900B7DE8C /* PBXContainerItemProxy */ = {
			isa = PBXContainerItemProxy;
			containerPortal = 43A09A00125153E100B7DE8C /* Advanced_SceneGraph.xcodeproj */;
			proxyType = 1;
			remoteGlobalIDString = 431C349E124FFDC200494DD8 /* Advanced_SceneGraph */;
			remoteInfo = Advanced_SceneGraph;
		};
		43A09A201251544900B7DE8C /* PBXContainerItemProxy */ = {
			isa = PBXContainerItemProxy;
			containerPortal = 43A0998F1251539F00B7DE8C /* Simple_Fonts.xcodeproj */;
			proxyType = 1;
			remoteGlobalIDString = 431C349E124FFDC200494DD8 /* Simple_Fonts */;
			remoteInfo = Simple_Fonts;
		};
		43A09A221251544900B7DE8C /* PBXContainerItemProxy */ = {
			isa = PBXContainerItemProxy;
			containerPortal = 43A09999125153A400B7DE8C /* Simple_LoadingAndDrawingInImages.xcodeproj */;
			proxyType = 1;
			remoteGlobalIDString = 431C349E124FFDC200494DD8 /* Simple_LoadingAndDrawingInImages */;
			remoteInfo = Simple_LoadingAndDrawingInImages;
		};
		43A09A241251544900B7DE8C /* PBXContainerItemProxy */ = {
			isa = PBXContainerItemProxy;
			containerPortal = 43A099A3125153A800B7DE8C /* Simple_LoadingXML.xcodeproj */;
			proxyType = 1;
			remoteGlobalIDString = 431C349E124FFDC200494DD8 /* Simple_LoadingXML */;
			remoteInfo = Simple_LoadingXML;
		};
		43A09A261251544900B7DE8C /* PBXContainerItemProxy */ = {
			isa = PBXContainerItemProxy;
			containerPortal = 43A099D8125153CD00B7DE8C /* Advanced_3dDrawing.xcodeproj */;
			proxyType = 1;
			remoteGlobalIDString = 431C349E124FFDC200494DD8 /* Advanced_3dDrawing */;
			remoteInfo = Advanced_3dDrawing;
		};
/* End PBXContainerItemProxy section */

/* Begin PBXFileReference section */
		434D8ECB125017A600018B6D /* Simple_BasicApplication.xcodeproj */ = {isa = PBXFileReference; lastKnownFileType = "wrapper.pb-project"; name = Simple_BasicApplication.xcodeproj; path = example_projects/Simple_BasicApplication/Simple_BasicApplication.xcodeproj; sourceTree = "<group>"; };
		43A099781251533400B7DE8C /* Simple_CameraInputAndFilters.xcodeproj */ = {isa = PBXFileReference; lastKnownFileType = "wrapper.pb-project"; name = Simple_CameraInputAndFilters.xcodeproj; path = example_projects/Simple_CameraInputAndFilters/Simple_CameraInputAndFilters.xcodeproj; sourceTree = "<group>"; };
		43A099831251534400B7DE8C /* Simple_DrawingAndTransformations.xcodeproj */ = {isa = PBXFileReference; lastKnownFileType = "wrapper.pb-project"; name = Simple_DrawingAndTransformations.xcodeproj; path = example_projects/Simple_DrawingAndTransformations/Simple_DrawingAndTransformations.xcodeproj; sourceTree = "<group>"; };
		43A0998F1251539F00B7DE8C /* Simple_Fonts.xcodeproj */ = {isa = PBXFileReference; lastKnownFileType = "wrapper.pb-project"; name = Simple_Fonts.xcodeproj; path = example_projects/Simple_Fonts/Simple_Fonts.xcodeproj; sourceTree = "<group>"; };
		43A09999125153A400B7DE8C /* Simple_LoadingAndDrawingInImages.xcodeproj */ = {isa = PBXFileReference; lastKnownFileType = "wrapper.pb-project"; name = Simple_LoadingAndDrawingInImages.xcodeproj; path = example_projects/Simple_LoadingAndDrawingInImages/Simple_LoadingAndDrawingInImages.xcodeproj; sourceTree = "<group>"; };
		43A099A3125153A800B7DE8C /* Simple_LoadingXML.xcodeproj */ = {isa = PBXFileReference; lastKnownFileType = "wrapper.pb-project"; name = Simple_LoadingXML.xcodeproj; path = example_projects/Simple_LoadingXML/Simple_LoadingXML.xcodeproj; sourceTree = "<group>"; };
		43A099AE125153AF00B7DE8C /* Simple_MicInput.xcodeproj */ = {isa = PBXFileReference; lastKnownFileType = "wrapper.pb-project"; name = Simple_MicInput.xcodeproj; path = example_projects/Simple_MicInput/Simple_MicInput.xcodeproj; sourceTree = "<group>"; };
		43A099B8125153B600B7DE8C /* Simple_PlayingSounds.xcodeproj */ = {isa = PBXFileReference; lastKnownFileType = "wrapper.pb-project"; name = Simple_PlayingSounds.xcodeproj; path = example_projects/Simple_PlayingSounds/Simple_PlayingSounds.xcodeproj; sourceTree = "<group>"; };
		43A099C2125153BC00B7DE8C /* Simple_PlayingVideos.xcodeproj */ = {isa = PBXFileReference; lastKnownFileType = "wrapper.pb-project"; name = Simple_PlayingVideos.xcodeproj; path = example_projects/Simple_PlayingVideos/Simple_PlayingVideos.xcodeproj; sourceTree = "<group>"; };
		43A099CD125153C400B7DE8C /* Simple_Strings.xcodeproj */ = {isa = PBXFileReference; lastKnownFileType = "wrapper.pb-project"; name = Simple_Strings.xcodeproj; path = example_projects/Simple_Strings/Simple_Strings.xcodeproj; sourceTree = "<group>"; };
		43A099D8125153CD00B7DE8C /* Advanced_3dDrawing.xcodeproj */ = {isa = PBXFileReference; lastKnownFileType = "wrapper.pb-project"; name = Advanced_3dDrawing.xcodeproj; path = example_projects/Advanced_3dDrawing/Advanced_3dDrawing.xcodeproj; sourceTree = "<group>"; };
		43A099E2125153D300B7DE8C /* Advanced_BackgroundSubtraction.xcodeproj */ = {isa = PBXFileReference; lastKnownFileType = "wrapper.pb-project"; name = Advanced_BackgroundSubtraction.xcodeproj; path = example_projects/Advanced_BackgroundSubtraction/Advanced_BackgroundSubtraction.xcodeproj; sourceTree = "<group>"; };
		43A099EC125153D700B7DE8C /* Advanced_BlobDetection.xcodeproj */ = {isa = PBXFileReference; lastKnownFileType = "wrapper.pb-project"; name = Advanced_BlobDetection.xcodeproj; path = example_projects/Advanced_BlobDetection/Advanced_BlobDetection.xcodeproj; sourceTree = "<group>"; };
		43A099F6125153DC00B7DE8C /* Advanced_Physics.xcodeproj */ = {isa = PBXFileReference; lastKnownFileType = "wrapper.pb-project"; name = Advanced_Physics.xcodeproj; path = example_projects/Advanced_Physics/Advanced_Physics.xcodeproj; sourceTree = "<group>"; };
		43A09A00125153E100B7DE8C /* Advanced_SceneGraph.xcodeproj */ = {isa = PBXFileReference; lastKnownFileType = "wrapper.pb-project"; name = Advanced_SceneGraph.xcodeproj; path = example_projects/Advanced_SceneGraph/Advanced_SceneGraph.xcodeproj; sourceTree = "<group>"; };
/* End PBXFileReference section */

/* Begin PBXGroup section */
		434D8ECC125017A600018B6D /* Products */ = {
			isa = PBXGroup;
			children = (
				434D8ED8125017A700018B6D /* Simple_BasicApplication.app */,
			);
			name = Products;
			sourceTree = "<group>";
		};
		43A099791251533400B7DE8C /* Products */ = {
			isa = PBXGroup;
			children = (
				43A099811251533500B7DE8C /* Simple_CameraInputAndFilters.app */,
			);
			name = Products;
			sourceTree = "<group>";
		};
		43A099841251534400B7DE8C /* Products */ = {
			isa = PBXGroup;
			children = (
				43A0998C1251534400B7DE8C /* Simple_DrawingAndTransformations.app */,
			);
			name = Products;
			sourceTree = "<group>";
		};
		43A099901251539F00B7DE8C /* Products */ = {
			isa = PBXGroup;
			children = (
				43A099981251539F00B7DE8C /* Simple_Fonts.app */,
			);
			name = Products;
			sourceTree = "<group>";
		};
		43A0999A125153A400B7DE8C /* Products */ = {
			isa = PBXGroup;
			children = (
				43A099A2125153A500B7DE8C /* Simple_LoadingAndDrawingInImages.app */,
			);
			name = Products;
			sourceTree = "<group>";
		};
		43A099A4125153A800B7DE8C /* Products */ = {
			isa = PBXGroup;
			children = (
				43A099AD125153A900B7DE8C /* Simple_LoadingXML.app */,
			);
			name = Products;
			sourceTree = "<group>";
		};
		43A099AF125153AF00B7DE8C /* Products */ = {
			isa = PBXGroup;
			children = (
				43A099B7125153B000B7DE8C /* Simple_MicInput.app */,
			);
			name = Products;
			sourceTree = "<group>";
		};
		43A099B9125153B600B7DE8C /* Products */ = {
			isa = PBXGroup;
			children = (
				43A099C1125153B600B7DE8C /* Simple_PlayingSounds.app */,
			);
			name = Products;
			sourceTree = "<group>";
		};
		43A099C3125153BC00B7DE8C /* Products */ = {
			isa = PBXGroup;
			children = (
				43A099CC125153BC00B7DE8C /* Simple_PlayingVideos.app */,
			);
			name = Products;
			sourceTree = "<group>";
		};
		43A099CE125153C400B7DE8C /* Products */ = {
			isa = PBXGroup;
			children = (
				43A099D7125153C400B7DE8C /* Simple_Strings.app */,
			);
			name = Products;
			sourceTree = "<group>";
		};
		43A099D9125153CD00B7DE8C /* Products */ = {
			isa = PBXGroup;
			children = (
				43A099E1125153CD00B7DE8C /* Advanced_3dDrawing.app */,
			);
			name = Products;
			sourceTree = "<group>";
		};
		43A099E3125153D300B7DE8C /* Products */ = {
			isa = PBXGroup;
			children = (
				43A099EB125153D300B7DE8C /* Advanced_BackgroundSubtraction.app */,
			);
			name = Products;
			sourceTree = "<group>";
		};
		43A099ED125153D700B7DE8C /* Products */ = {
			isa = PBXGroup;
			children = (
				43A099F5125153D800B7DE8C /* Advanced_BlobDetection.app */,
			);
			name = Products;
			sourceTree = "<group>";
		};
		43A099F7125153DC00B7DE8C /* Products */ = {
			isa = PBXGroup;
			children = (
				43A099FF125153DC00B7DE8C /* Advanced_Physics.app */,
			);
			name = Products;
			sourceTree = "<group>";
		};
		43A09A01125153E100B7DE8C /* Products */ = {
			isa = PBXGroup;
			children = (
				43A09A09125153E100B7DE8C /* Advanced_SceneGraph.app */,
			);
			name = Products;
			sourceTree = "<group>";
		};
		A909007412370A2B0040FA33 = {
			isa = PBXGroup;
			children = (
				434D8ECB125017A600018B6D /* Simple_BasicApplication.xcodeproj */,
				43A099781251533400B7DE8C /* Simple_CameraInputAndFilters.xcodeproj */,
				43A099831251534400B7DE8C /* Simple_DrawingAndTransformations.xcodeproj */,
				43A0998F1251539F00B7DE8C /* Simple_Fonts.xcodeproj */,
				43A09999125153A400B7DE8C /* Simple_LoadingAndDrawingInImages.xcodeproj */,
				43A099A3125153A800B7DE8C /* Simple_LoadingXML.xcodeproj */,
				43A099AE125153AF00B7DE8C /* Simple_MicInput.xcodeproj */,
				43A099B8125153B600B7DE8C /* Simple_PlayingSounds.xcodeproj */,
				43A099C2125153BC00B7DE8C /* Simple_PlayingVideos.xcodeproj */,
				43A099CD125153C400B7DE8C /* Simple_Strings.xcodeproj */,
				43A099D8125153CD00B7DE8C /* Advanced_3dDrawing.xcodeproj */,
				43A09A00125153E100B7DE8C /* Advanced_SceneGraph.xcodeproj */,
				43A099F6125153DC00B7DE8C /* Advanced_Physics.xcodeproj */,
				43A099E2125153D300B7DE8C /* Advanced_BackgroundSubtraction.xcodeproj */,
				43A099EC125153D700B7DE8C /* Advanced_BlobDetection.xcodeproj */,
			);
			sourceTree = "<group>";
		};
/* End PBXGroup section */

/* Begin PBXProject section */
		A909007612370A2B0040FA33 /* Project object */ = {
			isa = PBXProject;
			buildConfigurationList = A909007912370A2B0040FA33 /* Build configuration list for PBXProject "CingExamples" */;
			compatibilityVersion = "Xcode 2.4";
			hasScannedForEncodings = 0;
			knownRegions = (
				English,
				Japanese,
				French,
				German,
			);
			mainGroup = A909007412370A2B0040FA33;
			productRefGroup = A909007412370A2B0040FA33;
			projectDirPath = "";
			projectReferences = (
				{
					ProductGroup = 43A099D9125153CD00B7DE8C /* Products */;
					ProjectRef = 43A099D8125153CD00B7DE8C /* Advanced_3dDrawing.xcodeproj */;
				},
				{
					ProductGroup = 43A099E3125153D300B7DE8C /* Products */;
					ProjectRef = 43A099E2125153D300B7DE8C /* Advanced_BackgroundSubtraction.xcodeproj */;
				},
				{
					ProductGroup = 43A099ED125153D700B7DE8C /* Products */;
					ProjectRef = 43A099EC125153D700B7DE8C /* Advanced_BlobDetection.xcodeproj */;
				},
				{
					ProductGroup = 43A099F7125153DC00B7DE8C /* Products */;
					ProjectRef = 43A099F6125153DC00B7DE8C /* Advanced_Physics.xcodeproj */;
				},
				{
					ProductGroup = 43A09A01125153E100B7DE8C /* Products */;
					ProjectRef = 43A09A00125153E100B7DE8C /* Advanced_SceneGraph.xcodeproj */;
				},
				{
					ProductGroup = 434D8ECC125017A600018B6D /* Products */;
					ProjectRef = 434D8ECB125017A600018B6D /* Simple_BasicApplication.xcodeproj */;
				},
				{
					ProductGroup = 43A099791251533400B7DE8C /* Products */;
					ProjectRef = 43A099781251533400B7DE8C /* Simple_CameraInputAndFilters.xcodeproj */;
				},
				{
					ProductGroup = 43A099841251534400B7DE8C /* Products */;
					ProjectRef = 43A099831251534400B7DE8C /* Simple_DrawingAndTransformations.xcodeproj */;
				},
				{
					ProductGroup = 43A099901251539F00B7DE8C /* Products */;
					ProjectRef = 43A0998F1251539F00B7DE8C /* Simple_Fonts.xcodeproj */;
				},
				{
					ProductGroup = 43A0999A125153A400B7DE8C /* Products */;
					ProjectRef = 43A09999125153A400B7DE8C /* Simple_LoadingAndDrawingInImages.xcodeproj */;
				},
				{
					ProductGroup = 43A099A4125153A800B7DE8C /* Products */;
					ProjectRef = 43A099A3125153A800B7DE8C /* Simple_LoadingXML.xcodeproj */;
				},
				{
					ProductGroup = 43A099AF125153AF00B7DE8C /* Products */;
					ProjectRef = 43A099AE125153AF00B7DE8C /* Simple_MicInput.xcodeproj */;
				},
				{
					ProductGroup = 43A099B9125153B600B7DE8C /* Products */;
					ProjectRef = 43A099B8125153B600B7DE8C /* Simple_PlayingSounds.xcodeproj */;
				},
				{
					ProductGroup = 43A099C3125153BC00B7DE8C /* Products */;
					ProjectRef = 43A099C2125153BC00B7DE8C /* Simple_PlayingVideos.xcodeproj */;
				},
				{
					ProductGroup = 43A099CE125153C400B7DE8C /* Products */;
					ProjectRef = 43A099CD125153C400B7DE8C /* Simple_Strings.xcodeproj */;
				},
			);
			projectRoot = "";
			targets = (
				434D8EDA125017D700018B6D /* CingSamples */,
			);
		};
/* End PBXProject section */

/* Begin PBXReferenceProxy section */
		434D8ED8125017A700018B6D /* Simple_BasicApplication.app */ = {
			isa = PBXReferenceProxy;
			fileType = wrapper.application;
			path = Simple_BasicApplication.app;
			remoteRef = 434D8ED7125017A700018B6D /* PBXContainerItemProxy */;
			sourceTree = BUILT_PRODUCTS_DIR;
		};
		43A099811251533500B7DE8C /* Simple_CameraInputAndFilters.app */ = {
			isa = PBXReferenceProxy;
			fileType = wrapper.application;
			path = Simple_CameraInputAndFilters.app;
			remoteRef = 43A099801251533500B7DE8C /* PBXContainerItemProxy */;
			sourceTree = BUILT_PRODUCTS_DIR;
		};
		43A0998C1251534400B7DE8C /* Simple_DrawingAndTransformations.app */ = {
			isa = PBXReferenceProxy;
			fileType = wrapper.application;
			path = Simple_DrawingAndTransformations.app;
			remoteRef = 43A0998B1251534400B7DE8C /* PBXContainerItemProxy */;
			sourceTree = BUILT_PRODUCTS_DIR;
		};
		43A099981251539F00B7DE8C /* Simple_Fonts.app */ = {
			isa = PBXReferenceProxy;
			fileType = wrapper.application;
			path = Simple_Fonts.app;
			remoteRef = 43A099971251539F00B7DE8C /* PBXContainerItemProxy */;
			sourceTree = BUILT_PRODUCTS_DIR;
		};
		43A099A2125153A500B7DE8C /* Simple_LoadingAndDrawingInImages.app */ = {
			isa = PBXReferenceProxy;
			fileType = wrapper.application;
			path = Simple_LoadingAndDrawingInImages.app;
			remoteRef = 43A099A1125153A500B7DE8C /* PBXContainerItemProxy */;
			sourceTree = BUILT_PRODUCTS_DIR;
		};
		43A099AD125153A900B7DE8C /* Simple_LoadingXML.app */ = {
			isa = PBXReferenceProxy;
			fileType = wrapper.application;
			path = Simple_LoadingXML.app;
			remoteRef = 43A099AC125153A900B7DE8C /* PBXContainerItemProxy */;
			sourceTree = BUILT_PRODUCTS_DIR;
		};
		43A099B7125153B000B7DE8C /* Simple_MicInput.app */ = {
			isa = PBXReferenceProxy;
			fileType = wrapper.application;
			path = Simple_MicInput.app;
			remoteRef = 43A099B6125153B000B7DE8C /* PBXContainerItemProxy */;
			sourceTree = BUILT_PRODUCTS_DIR;
		};
		43A099C1125153B600B7DE8C /* Simple_PlayingSounds.app */ = {
			isa = PBXReferenceProxy;
			fileType = wrapper.application;
			path = Simple_PlayingSounds.app;
			remoteRef = 43A099C0125153B600B7DE8C /* PBXContainerItemProxy */;
			sourceTree = BUILT_PRODUCTS_DIR;
		};
		43A099CC125153BC00B7DE8C /* Simple_PlayingVideos.app */ = {
			isa = PBXReferenceProxy;
			fileType = wrapper.application;
			path = Simple_PlayingVideos.app;
			remoteRef = 43A099CB125153BC00B7DE8C /* PBXContainerItemProxy */;
			sourceTree = BUILT_PRODUCTS_DIR;
		};
		43A099D7125153C400B7DE8C /* Simple_Strings.app */ = {
			isa = PBXReferenceProxy;
			fileType = wrapper.application;
			path = Simple_Strings.app;
			remoteRef = 43A099D6125153C400B7DE8C /* PBXContainerItemProxy */;
			sourceTree = BUILT_PRODUCTS_DIR;
		};
		43A099E1125153CD00B7DE8C /* Advanced_3dDrawing.app */ = {
			isa = PBXReferenceProxy;
			fileType = wrapper.application;
			path = Advanced_3dDrawing.app;
			remoteRef = 43A099E0125153CD00B7DE8C /* PBXContainerItemProxy */;
			sourceTree = BUILT_PRODUCTS_DIR;
		};
		43A099EB125153D300B7DE8C /* Advanced_BackgroundSubtraction.app */ = {
			isa = PBXReferenceProxy;
			fileType = wrapper.application;
			path = Advanced_BackgroundSubtraction.app;
			remoteRef = 43A099EA125153D300B7DE8C /* PBXContainerItemProxy */;
			sourceTree = BUILT_PRODUCTS_DIR;
		};
		43A099F5125153D800B7DE8C /* Advanced_BlobDetection.app */ = {
			isa = PBXReferenceProxy;
			fileType = wrapper.application;
			path = Advanced_BlobDetection.app;
			remoteRef = 43A099F4125153D800B7DE8C /* PBXContainerItemProxy */;
			sourceTree = BUILT_PRODUCTS_DIR;
		};
		43A099FF125153DC00B7DE8C /* Advanced_Physics.app */ = {
			isa = PBXReferenceProxy;
			fileType = wrapper.application;
			path = Advanced_Physics.app;
			remoteRef = 43A099FE125153DC00B7DE8C /* PBXContainerItemProxy */;
			sourceTree = BUILT_PRODUCTS_DIR;
		};
		43A09A09125153E100B7DE8C /* Advanced_SceneGraph.app */ = {
			isa = PBXReferenceProxy;
			fileType = wrapper.application;
			path = Advanced_SceneGraph.app;
			remoteRef = 43A09A08125153E100B7DE8C /* PBXContainerItemProxy */;
			sourceTree = BUILT_PRODUCTS_DIR;
		};
/* End PBXReferenceProxy section */

/* Begin PBXTargetDependency section */
		434D8EE1125018D900018B6D /* PBXTargetDependency */ = {
			isa = PBXTargetDependency;
			name = Simple_BasicApplication;
			targetProxy = 434D8EE0125018D900018B6D /* PBXContainerItemProxy */;
		};
		43A09A0D1251544900B7DE8C /* PBXTargetDependency */ = {
			isa = PBXTargetDependency;
			name = Advanced_BackgroundSubtraction;
			targetProxy = 43A09A0C1251544900B7DE8C /* PBXContainerItemProxy */;
		};
		43A09A0F1251544900B7DE8C /* PBXTargetDependency */ = {
			isa = PBXTargetDependency;
			name = Simple_MicInput;
			targetProxy = 43A09A0E1251544900B7DE8C /* PBXContainerItemProxy */;
		};
		43A09A111251544900B7DE8C /* PBXTargetDependency */ = {
			isa = PBXTargetDependency;
			name = Advanced_BlobDetection;
			targetProxy = 43A09A101251544900B7DE8C /* PBXContainerItemProxy */;
		};
		43A09A131251544900B7DE8C /* PBXTargetDependency */ = {
			isa = PBXTargetDependency;
			name = Simple_PlayingVideos;
			targetProxy = 43A09A121251544900B7DE8C /* PBXContainerItemProxy */;
		};
		43A09A151251544900B7DE8C /* PBXTargetDependency */ = {
			isa = PBXTargetDependency;
			name = Simple_PlayingSounds;
			targetProxy = 43A09A141251544900B7DE8C /* PBXContainerItemProxy */;
		};
		43A09A171251544900B7DE8C /* PBXTargetDependency */ = {
			isa = PBXTargetDependency;
			name = Advanced_Physics;
			targetProxy = 43A09A161251544900B7DE8C /* PBXContainerItemProxy */;
		};
		43A09A191251544900B7DE8C /* PBXTargetDependency */ = {
			isa = PBXTargetDependency;
			name = Simple_DrawingAndTransformations;
			targetProxy = 43A09A181251544900B7DE8C /* PBXContainerItemProxy */;
		};
		43A09A1B1251544900B7DE8C /* PBXTargetDependency */ = {
			isa = PBXTargetDependency;
			name = Simple_Strings;
			targetProxy = 43A09A1A1251544900B7DE8C /* PBXContainerItemProxy */;
		};
		43A09A1D1251544900B7DE8C /* PBXTargetDependency */ = {
			isa = PBXTargetDependency;
			name = Simple_CameraInputAndFilters;
			targetProxy = 43A09A1C1251544900B7DE8C /* PBXContainerItemProxy */;
		};
		43A09A1F1251544900B7DE8C /* PBXTargetDependency */ = {
			isa = PBXTargetDependency;
			name = Advanced_SceneGraph;
			targetProxy = 43A09A1E1251544900B7DE8C /* PBXContainerItemProxy */;
		};
		43A09A211251544900B7DE8C /* PBXTargetDependency */ = {
			isa = PBXTargetDependency;
			name = Simple_Fonts;
			targetProxy = 43A09A201251544900B7DE8C /* PBXContainerItemProxy */;
		};
		43A09A231251544900B7DE8C /* PBXTargetDependency */ = {
			isa = PBXTargetDependency;
			name = Simple_LoadingAndDrawingInImages;
			targetProxy = 43A09A221251544900B7DE8C /* PBXContainerItemProxy */;
		};
		43A09A251251544900B7DE8C /* PBXTargetDependency */ = {
			isa = PBXTargetDependency;
			name = Simple_LoadingXML;
			targetProxy = 43A09A241251544900B7DE8C /* PBXContainerItemProxy */;
		};
		43A09A271251544900B7DE8C /* PBXTargetDependency */ = {
			isa = PBXTargetDependency;
			name = Advanced_3dDrawing;
			targetProxy = 43A09A261251544900B7DE8C /* PBXContainerItemProxy */;
		};
/* End PBXTargetDependency section */

/* Begin XCBuildConfiguration section */
		434D8EDB125017D700018B6D /* Debug */ = {
			isa = XCBuildConfiguration;
			buildSettings = {
				COPY_PHASE_STRIP = NO;
				GCC_DYNAMIC_NO_PIC = NO;
				GCC_OPTIMIZATION_LEVEL = 0;
				PRODUCT_NAME = CingSamples;
			};
			name = Debug;
		};
		434D8EDC125017D700018B6D /* Release */ = {
			isa = XCBuildConfiguration;
			buildSettings = {
				COPY_PHASE_STRIP = YES;
				DEBUG_INFORMATION_FORMAT = "dwarf-with-dsym";
				GCC_ENABLE_FIX_AND_CONTINUE = NO;
				PRODUCT_NAME = CingSamples;
				ZERO_LINK = NO;
			};
			name = Release;
		};
		A909007712370A2B0040FA33 /* Debug */ = {
			isa = XCBuildConfiguration;
			buildSettings = {
				CING_HOME = cing/;
				CING_LIBRARIES = "$(CING_HOME)libraries/mac/xcode";
				COPY_PHASE_STRIP = NO;
				FRAMEWORK_SEARCH_PATHS = (
					"$(CING_LIBRARIES)/CEGUI/Frameworks",
					"$(CING_LIBRARIES)/Bullet/Frameworks",
					"$(CING_LIBRARIES)/Ogre3d/Frameworks",
				);
				HEADER_SEARCH_PATHS = (
					"$(CING_LIBRARIES)/Fmod/include",
					"$(CING_LIBRARIES)/OgreCCS/include",
					"$(CING_LIBRARIES)/OgreBullet/Dynamics/include",
					"$(CING_LIBRARIES)/OgreBullet/Collisions/include",
					"$(CING_LIBRARIES)/OpenCV/include",
					"$(CING_LIBRARIES)/Ogre3d/include/OIS",
					"$(CING_LIBRARIES)/Ogre3d/include",
					"$(CING_LIBRARIES)/Bullet/include",
					"$(CING_LIBRARIES)/CEGUI/Frameworks/CEGUIBase.framework/Headers",
					"$(CING_LIBRARIES)/CEGUI/Frameworks/CEGUIBase.framework/Headers/RendererModules/Ogre",
					"$(CING_LIBRARIES)",
					"$(CING_HOME)/src",
				);
				LIBRARY_SEARCH_PATHS = (
					"$(CING_LIBRARIES)/Fmod/lib",
					"$(CING_LIBRARIES)/OgreCCS/lib",
					"$(CING_LIBRARIES)/Bullet/lib",
					"$(CING_LIBRARIES)/OgreBullet/lib",
					"$(CING_LIBRARIES)/Ogre3d/lib/Release",
					"$(CING_LIBRARIES)/Ogre3d/lib",
					"$(CING_LIBRARIES)/TinyXML/lib",
					"$(CING_LIBRARIES)/PTypes/lib",
					"$(CING_LIBRARIES)/OpenCV/lib",
				);
				OTHER_LDFLAGS = (
					"-lCCS",
					"-lOIS",
					"-ltinyxml",
					"-lptypes",
					"-lLinearMath",
					"-lConvexDecomposition",
					"-lBulletSoftBody",
					"-lBulletDynamics",
					"-lBulletCollision",
				);
				SDKROOT = "$(DEVELOPER_SDK_DIR)/MacOSX10.6.sdk";
				VALID_ARCHS = i386;
			};
			name = Debug;
		};
		A909007812370A2B0040FA33 /* Release */ = {
			isa = XCBuildConfiguration;
			buildSettings = {
				CING_HOME = cing/;
				CING_LIBRARIES = "$(CING_HOME)libraries/mac/xcode";
				COPY_PHASE_STRIP = YES;
				FRAMEWORK_SEARCH_PATHS = (
					"$(CING_LIBRARIES)/CEGUI/Frameworks",
					"$(CING_LIBRARIES)/Bullet/Frameworks",
					"$(CING_LIBRARIES)/Ogre3d/Frameworks",
				);
				HEADER_SEARCH_PATHS = (
					"$(CING_LIBRARIES)/Fmod/include",
					"$(CING_LIBRARIES)/OgreCCS/include",
					"$(CING_LIBRARIES)/OgreBullet/Dynamics/include",
					"$(CING_LIBRARIES)/OgreBullet/Collisions/include",
					"$(CING_LIBRARIES)/OpenCV/include",
					"$(CING_LIBRARIES)/Ogre3d/include/OIS",
					"$(CING_LIBRARIES)/Ogre3d/include",
					"$(CING_LIBRARIES)/Bullet/include",
					"$(CING_LIBRARIES)/CEGUI/Frameworks/CEGUIBase.framework/Headers",
					"$(CING_LIBRARIES)/CEGUI/Frameworks/CEGUIBase.framework/Headers/RendererModules/Ogre",
					"$(CING_LIBRARIES)",
					"$(CING_HOME)/src",
				);
				LIBRARY_SEARCH_PATHS = (
					"$(CING_LIBRARIES)/Fmod/lib",
					"$(CING_LIBRARIES)/OgreCCS/lib",
					"$(CING_LIBRARIES)/Bullet/lib",
					"$(CING_LIBRARIES)/OgreBullet/lib",
					"$(CING_LIBRARIES)/Ogre3d/lib/Release",
					"$(CING_LIBRARIES)/Ogre3d/lib",
					"$(CING_LIBRARIES)/TinyXML/lib",
					"$(CING_LIBRARIES)/PTypes/lib",
					"$(CING_LIBRARIES)/OpenCV/lib",
				);
				OTHER_LDFLAGS = (
					"-lCCS",
					"-lOIS",
					"-ltinyxml",
					"-lptypes",
					"-lLinearMath",
					"-lConvexDecomposition",
					"-lBulletSoftBody",
					"-lBulletDynamics",
					"-lBulletCollision",
				);
				SDKROOT = "$(DEVELOPER_SDK_DIR)/MacOSX10.6.sdk";
				VALID_ARCHS = i386;
			};
			name = Release;
		};
/* End XCBuildConfiguration section */

/* Begin XCConfigurationList section */
		434D8EDF125017F500018B6D /* Build configuration list for PBXAggregateTarget "CingSamples" */ = {
			isa = XCConfigurationList;
			buildConfigurations = (
				434D8EDB125017D700018B6D /* Debug */,
				434D8EDC125017D700018B6D /* Release */,
			);
			defaultConfigurationIsVisible = 0;
			defaultConfigurationName = Release;
		};
		A909007912370A2B0040FA33 /* Build configuration list for PBXProject "CingExamples" */ = {
			isa = XCConfigurationList;
			buildConfigurations = (
				A909007712370A2B0040FA33 /* Debug */,
				A909007812370A2B0040FA33 /* Release */,
			);
			defaultConfigurationIsVisible = 0;
			defaultConfigurationName = Release;
		};
/* End XCConfigurationList section */
	};
	rootObject = A909007612370A2B0040FA33 /* Project object */;
}
